// !$*UTF8*$!
{
	archiveVersion = 1;
	classes = {
	};
	objectVersion = 56;
	objects = {

/* Begin PBXBuildFile section */
		CC1356DD2A294AE50073431B /* InjectionProvider.swift in Sources */ = {isa = PBXBuildFile; fileRef = CC1356DC2A294AE50073431B /* InjectionProvider.swift */; };
		CC1356DF2A2CE1120073431B /* InjectionViewModel.swift in Sources */ = {isa = PBXBuildFile; fileRef = CC1356DE2A2CE1120073431B /* InjectionViewModel.swift */; };
		CC1356E12A2F7CC10073431B /* BodyPartProvider.swift in Sources */ = {isa = PBXBuildFile; fileRef = CC1356E02A2F7CC10073431B /* BodyPartProvider.swift */; };
		CC1356E32A2F8F1A0073431B /* BodyPartViewModel.swift in Sources */ = {isa = PBXBuildFile; fileRef = CC1356E22A2F8F1A0073431B /* BodyPartViewModel.swift */; };
		CC1A7CC82A9795C700F748EB /* HistoryTableViewController.swift in Sources */ = {isa = PBXBuildFile; fileRef = CC1A7CC72A9795C700F748EB /* HistoryTableViewController.swift */; };
		CC1A7CCA2A9BF12000F748EB /* TimePickerTableViewCell.swift in Sources */ = {isa = PBXBuildFile; fileRef = CC1A7CC92A9BF12000F748EB /* TimePickerTableViewCell.swift */; };
		CC1A7CCC2AA285B900F748EB /* InjectionDescriptionTableViewCell.swift in Sources */ = {isa = PBXBuildFile; fileRef = CC1A7CCB2AA285B900F748EB /* InjectionDescriptionTableViewCell.swift */; };
		CC1A7CCE2AA288B300F748EB /* HistoryTableViewCell.swift in Sources */ = {isa = PBXBuildFile; fileRef = CC1A7CCD2AA288B300F748EB /* HistoryTableViewCell.swift */; };
		CC22B2B92A1E760F00EE9C85 /* StorageProvider.swift in Sources */ = {isa = PBXBuildFile; fileRef = CC22B2B82A1E760F00EE9C85 /* StorageProvider.swift */; };
		CC31CD5E2A22A85F00C20CAB /* UserDefaults+Shared.swift in Sources */ = {isa = PBXBuildFile; fileRef = CC31CD5D2A22A85F00C20CAB /* UserDefaults+Shared.swift */; };
		CC31CD672A23ECB700C20CAB /* BodyPart+CoreDataClass.swift in Sources */ = {isa = PBXBuildFile; fileRef = CC31CD5F2A23ECB700C20CAB /* BodyPart+CoreDataClass.swift */; };
		CC31CD682A23ECB700C20CAB /* BodyPart+CoreDataProperties.swift in Sources */ = {isa = PBXBuildFile; fileRef = CC31CD602A23ECB700C20CAB /* BodyPart+CoreDataProperties.swift */; };
		CC31CD692A23ECB700C20CAB /* Injection+CoreDataClass.swift in Sources */ = {isa = PBXBuildFile; fileRef = CC31CD612A23ECB700C20CAB /* Injection+CoreDataClass.swift */; };
		CC31CD6A2A23ECB700C20CAB /* Injection+CoreDataProperties.swift in Sources */ = {isa = PBXBuildFile; fileRef = CC31CD622A23ECB700C20CAB /* Injection+CoreDataProperties.swift */; };
		CC31CD6B2A23ECB700C20CAB /* History+CoreDataClass.swift in Sources */ = {isa = PBXBuildFile; fileRef = CC31CD632A23ECB700C20CAB /* History+CoreDataClass.swift */; };
		CC31CD6C2A23ECB700C20CAB /* History+CoreDataProperties.swift in Sources */ = {isa = PBXBuildFile; fileRef = CC31CD642A23ECB700C20CAB /* History+CoreDataProperties.swift */; };
		CC31CD6D2A23ECB700C20CAB /* Site+CoreDataClass.swift in Sources */ = {isa = PBXBuildFile; fileRef = CC31CD652A23ECB700C20CAB /* Site+CoreDataClass.swift */; };
		CC31CD6E2A23ECB700C20CAB /* Site+CoreDataProperties.swift in Sources */ = {isa = PBXBuildFile; fileRef = CC31CD662A23ECB700C20CAB /* Site+CoreDataProperties.swift */; };
		CC31CD712A254A3C00C20CAB /* EditInjectionViewModel.swift in Sources */ = {isa = PBXBuildFile; fileRef = CC31CD702A254A3C00C20CAB /* EditInjectionViewModel.swift */; };
		CC4AF1C12A8E8A67000FC22A /* Frequency+CoreDataClass.swift in Sources */ = {isa = PBXBuildFile; fileRef = CC4AF1BF2A8E8A67000FC22A /* Frequency+CoreDataClass.swift */; };
		CC4AF1C22A8E8A67000FC22A /* Frequency+CoreDataProperties.swift in Sources */ = {isa = PBXBuildFile; fileRef = CC4AF1C02A8E8A67000FC22A /* Frequency+CoreDataProperties.swift */; };
		CC4AF1C42A8EB5A7000FC22A /* EditInjectionTableViewController.swift in Sources */ = {isa = PBXBuildFile; fileRef = CC4AF1C32A8EB5A7000FC22A /* EditInjectionTableViewController.swift */; };
		CC4AF1C62A8EBC6B000FC22A /* TextInputTableViewCell.swift in Sources */ = {isa = PBXBuildFile; fileRef = CC4AF1C52A8EBC6B000FC22A /* TextInputTableViewCell.swift */; };
		CC4AF1CA2A900291000FC22A /* FrequencyTableViewCell.swift in Sources */ = {isa = PBXBuildFile; fileRef = CC4AF1C92A900291000FC22A /* FrequencyTableViewCell.swift */; };
		CC4AF1CE2A926BE4000FC22A /* CenteredTextTableViewCell.swift in Sources */ = {isa = PBXBuildFile; fileRef = CC4AF1CD2A926BE4000FC22A /* CenteredTextTableViewCell.swift */; };
		CC4AF1D02A92E383000FC22A /* InjectionTableViewController.swift in Sources */ = {isa = PBXBuildFile; fileRef = CC4AF1CF2A92E383000FC22A /* InjectionTableViewController.swift */; };
		CC4AF1D22A93BB28000FC22A /* InjectionTableViewCell.swift in Sources */ = {isa = PBXBuildFile; fileRef = CC4AF1D12A93BB28000FC22A /* InjectionTableViewCell.swift */; };
		CC4AF1D42A941245000FC22A /* SelectInjectionTableViewController.swift in Sources */ = {isa = PBXBuildFile; fileRef = CC4AF1D32A941245000FC22A /* SelectInjectionTableViewController.swift */; };
		CC4C16D72AAA0F1600B55E66 /* BadgeButton.swift in Sources */ = {isa = PBXBuildFile; fileRef = CC4C16D62AAA0F1600B55E66 /* BadgeButton.swift */; };
		CC4C16DB2AAB6ED800B55E66 /* InjectNowDataView.swift in Sources */ = {isa = PBXBuildFile; fileRef = CC4C16DA2AAB6ED800B55E66 /* InjectNowDataView.swift */; };
		CC4CB05B2AD49C9A00150079 /* TextTableHeaderView.swift in Sources */ = {isa = PBXBuildFile; fileRef = CC4CB05A2AD49C9A00150079 /* TextTableHeaderView.swift */; };
		CC5738962A3153B7000257E0 /* SiteProvider.swift in Sources */ = {isa = PBXBuildFile; fileRef = CC5738952A3153B7000257E0 /* SiteProvider.swift */; };
		CC5738982A34C2A8000257E0 /* Quadrant.swift in Sources */ = {isa = PBXBuildFile; fileRef = CC5738972A34C2A8000257E0 /* Quadrant.swift */; };
		CC57389B2A34C50B000257E0 /* Section+CoreDataClass.swift in Sources */ = {isa = PBXBuildFile; fileRef = CC5738992A34C50B000257E0 /* Section+CoreDataClass.swift */; };
		CC57389C2A34C50B000257E0 /* Section+CoreDataProperties.swift in Sources */ = {isa = PBXBuildFile; fileRef = CC57389A2A34C50B000257E0 /* Section+CoreDataProperties.swift */; };
		CC57389E2A34CA38000257E0 /* SectionProvider.swift in Sources */ = {isa = PBXBuildFile; fileRef = CC57389D2A34CA38000257E0 /* SectionProvider.swift */; };
		CC5738A02A360ACB000257E0 /* SectionViewModel.swift in Sources */ = {isa = PBXBuildFile; fileRef = CC57389F2A360ACA000257E0 /* SectionViewModel.swift */; };
		CC7762EE2A69EFB400AEC489 /* SelectInjectionCoordinator.swift in Sources */ = {isa = PBXBuildFile; fileRef = CC7762ED2A69EFB400AEC489 /* SelectInjectionCoordinator.swift */; };
		CC7762F02A7BEE5000AEC489 /* ResultsHeaderView.swift in Sources */ = {isa = PBXBuildFile; fileRef = CC7762EF2A7BEE5000AEC489 /* ResultsHeaderView.swift */; };
		CC7762F22A7BFEAB00AEC489 /* FilterTableViewController.swift in Sources */ = {isa = PBXBuildFile; fileRef = CC7762F12A7BFEAB00AEC489 /* FilterTableViewController.swift */; };
		CC7762F42A7C10A600AEC489 /* FilterCoordinator.swift in Sources */ = {isa = PBXBuildFile; fileRef = CC7762F32A7C10A600AEC489 /* FilterCoordinator.swift */; };
		CC7762F62A7C536800AEC489 /* DateRangeTableViewCell.swift in Sources */ = {isa = PBXBuildFile; fileRef = CC7762F52A7C536800AEC489 /* DateRangeTableViewCell.swift */; };
		CC7762F82A7C5FFC00AEC489 /* SegmentedTableViewCell.swift in Sources */ = {isa = PBXBuildFile; fileRef = CC7762F72A7C5FFC00AEC489 /* SegmentedTableViewCell.swift */; };
		CC7762FA2A7D35E800AEC489 /* FilterTableFooterView.swift in Sources */ = {isa = PBXBuildFile; fileRef = CC7762F92A7D35E800AEC489 /* FilterTableFooterView.swift */; };
		CC815A812AADFD0A00EC0F0A /* SelectQueueObjectTableViewCell.swift in Sources */ = {isa = PBXBuildFile; fileRef = CC815A802AADFD0A00EC0F0A /* SelectQueueObjectTableViewCell.swift */; };
		CC815A832AB125A700EC0F0A /* UIViewController+showConfirmationView.swift in Sources */ = {isa = PBXBuildFile; fileRef = CC815A822AB125A700EC0F0A /* UIViewController+showConfirmationView.swift */; };
		CC815A852ABA391000EC0F0A /* CheckableBodyPartCollectionViewCell.swift in Sources */ = {isa = PBXBuildFile; fileRef = CC815A842ABA391000EC0F0A /* CheckableBodyPartCollectionViewCell.swift */; };
		CC864EB12A489C0500869A8C /* UITextField+textPublisher.swift in Sources */ = {isa = PBXBuildFile; fileRef = CC864EB02A489C0500869A8C /* UITextField+textPublisher.swift */; };
		CC864EEE2A4CD0AE00869A8C /* Date+prettyTime.swift in Sources */ = {isa = PBXBuildFile; fileRef = CC864EED2A4CD0AE00869A8C /* Date+prettyTime.swift */; };
		CC9F517229FEBD1B00E6FAF6 /* AppDelegate.swift in Sources */ = {isa = PBXBuildFile; fileRef = CC9F517129FEBD1B00E6FAF6 /* AppDelegate.swift */; };
		CC9F517429FEBD1B00E6FAF6 /* SceneDelegate.swift in Sources */ = {isa = PBXBuildFile; fileRef = CC9F517329FEBD1B00E6FAF6 /* SceneDelegate.swift */; };
		CC9F517929FEBD1B00E6FAF6 /* Main.storyboard in Resources */ = {isa = PBXBuildFile; fileRef = CC9F517729FEBD1B00E6FAF6 /* Main.storyboard */; };
		CC9F517C29FEBD1B00E6FAF6 /* SubQ.xcdatamodeld in Sources */ = {isa = PBXBuildFile; fileRef = CC9F517A29FEBD1B00E6FAF6 /* SubQ.xcdatamodeld */; };
		CC9F517E29FEBD1E00E6FAF6 /* Assets.xcassets in Resources */ = {isa = PBXBuildFile; fileRef = CC9F517D29FEBD1E00E6FAF6 /* Assets.xcassets */; };
		CC9F518129FEBD1E00E6FAF6 /* LaunchScreen.storyboard in Resources */ = {isa = PBXBuildFile; fileRef = CC9F517F29FEBD1E00E6FAF6 /* LaunchScreen.storyboard */; };
		CCA980312A281B3C00BF518C /* DatePickerContentConfiguration.swift in Sources */ = {isa = PBXBuildFile; fileRef = CCA980302A281B3C00BF518C /* DatePickerContentConfiguration.swift */; };
		CCA980332A281B7D00BF518C /* DatePickerContentView.swift in Sources */ = {isa = PBXBuildFile; fileRef = CCA980322A281B7D00BF518C /* DatePickerContentView.swift */; };
		CCB20E702AC8EBE10009B696 /* OnboardingViewModel.swift in Sources */ = {isa = PBXBuildFile; fileRef = CCB20E6F2AC8EBE10009B696 /* OnboardingViewModel.swift */; };
		CCB20E722ACA09760009B696 /* BodyPartHeader.swift in Sources */ = {isa = PBXBuildFile; fileRef = CCB20E712ACA09760009B696 /* BodyPartHeader.swift */; };
		CCBCE2192A13C8BA001B73D6 /* SectionCollectionViewCell.swift in Sources */ = {isa = PBXBuildFile; fileRef = CCBCE2182A13C8BA001B73D6 /* SectionCollectionViewCell.swift */; };
		CCBCE21B2A142096001B73D6 /* TextSupplementaryView.swift in Sources */ = {isa = PBXBuildFile; fileRef = CCBCE21A2A142096001B73D6 /* TextSupplementaryView.swift */; };
		CCBCE21D2A15149C001B73D6 /* SiteViewController.swift in Sources */ = {isa = PBXBuildFile; fileRef = CCBCE21C2A15149C001B73D6 /* SiteViewController.swift */; };
		CCBCE21F2A1524D7001B73D6 /* SiteCoordinator.swift in Sources */ = {isa = PBXBuildFile; fileRef = CCBCE21E2A1524D7001B73D6 /* SiteCoordinator.swift */; };
		CCBCE2262A16FE02001B73D6 /* EditInjectionViewController.swift in Sources */ = {isa = PBXBuildFile; fileRef = CCBCE2252A16FE02001B73D6 /* EditInjectionViewController.swift */; };
		CCBCE2282A17C95E001B73D6 /* TextInputCollectionViewCell.swift in Sources */ = {isa = PBXBuildFile; fileRef = CCBCE2272A17C95E001B73D6 /* TextInputCollectionViewCell.swift */; };
		CCBCE22A2A17CD62001B73D6 /* TimePickerCollectionViewCell.swift in Sources */ = {isa = PBXBuildFile; fileRef = CCBCE2292A17CD62001B73D6 /* TimePickerCollectionViewCell.swift */; };
		CCBCE2342A1A7077001B73D6 /* CenteredTextLabelCell.swift in Sources */ = {isa = PBXBuildFile; fileRef = CCBCE2332A1A7077001B73D6 /* CenteredTextLabelCell.swift */; };
		CCC4B8602A0337BC008BFF81 /* MainTabBarController.swift in Sources */ = {isa = PBXBuildFile; fileRef = CCC4B85F2A0337BC008BFF81 /* MainTabBarController.swift */; };
		CCC4B8642A0413C0008BFF81 /* InjectionCoordinator.swift in Sources */ = {isa = PBXBuildFile; fileRef = CCC4B8632A0413C0008BFF81 /* InjectionCoordinator.swift */; };
		CCC4B8662A044738008BFF81 /* SectionCoordinator.swift in Sources */ = {isa = PBXBuildFile; fileRef = CCC4B8652A044738008BFF81 /* SectionCoordinator.swift */; };
		CCC4B8682A0447C9008BFF81 /* HistoryCoordinator.swift in Sources */ = {isa = PBXBuildFile; fileRef = CCC4B8672A0447C9008BFF81 /* HistoryCoordinator.swift */; };
		CCC4B86A2A0447E0008BFF81 /* SettingsCoordinator.swift in Sources */ = {isa = PBXBuildFile; fileRef = CCC4B8692A0447E0008BFF81 /* SettingsCoordinator.swift */; };
		CCC4B86C2A0453B3008BFF81 /* InjectionViewController.swift in Sources */ = {isa = PBXBuildFile; fileRef = CCC4B86B2A0453B3008BFF81 /* InjectionViewController.swift */; };
		CCC4B8702A045901008BFF81 /* SectionViewController.swift in Sources */ = {isa = PBXBuildFile; fileRef = CCC4B86F2A045901008BFF81 /* SectionViewController.swift */; };
		CCC4B8722A04591B008BFF81 /* HistoryCollectionViewController.swift in Sources */ = {isa = PBXBuildFile; fileRef = CCC4B8712A04591B008BFF81 /* HistoryCollectionViewController.swift */; };
		CCC4B8742A04592F008BFF81 /* SettingsViewController.swift in Sources */ = {isa = PBXBuildFile; fileRef = CCC4B8732A04592F008BFF81 /* SettingsViewController.swift */; };
		CCC4B8932A098D4D008BFF81 /* EditInjectionCoordinator.swift in Sources */ = {isa = PBXBuildFile; fileRef = CCC4B8922A098D4D008BFF81 /* EditInjectionCoordinator.swift */; };
		CCC4B8992A0D9FD1008BFF81 /* SnapKit in Frameworks */ = {isa = PBXBuildFile; productRef = CCC4B8982A0D9FD1008BFF81 /* SnapKit */; };
		CCC4B8A12A0FD9DE008BFF81 /* DaysViewController.swift in Sources */ = {isa = PBXBuildFile; fileRef = CCC4B8A02A0FD9DE008BFF81 /* DaysViewController.swift */; };
		CCC4B8A32A0FDE77008BFF81 /* DaysCoordinator.swift in Sources */ = {isa = PBXBuildFile; fileRef = CCC4B8A22A0FDE77008BFF81 /* DaysCoordinator.swift */; };
		CCC8F3802A51D72600BAAED1 /* NotificationManager.swift in Sources */ = {isa = PBXBuildFile; fileRef = CCC8F37F2A51D72600BAAED1 /* NotificationManager.swift */; };
		CCC8F3822A53776F00BAAED1 /* InjectNowViewController.swift in Sources */ = {isa = PBXBuildFile; fileRef = CCC8F3812A53776F00BAAED1 /* InjectNowViewController.swift */; };
		CCC8F3842A55BE6100BAAED1 /* InjectNowCoordinator.swift in Sources */ = {isa = PBXBuildFile; fileRef = CCC8F3832A55BE6100BAAED1 /* InjectNowCoordinator.swift */; };
		CCC8F3862A55C0E400BAAED1 /* Coordinated.swift in Sources */ = {isa = PBXBuildFile; fileRef = CCC8F3852A55C0E400BAAED1 /* Coordinated.swift */; };
		CCC8F3882A58B7FF00BAAED1 /* SiteViewModel.swift in Sources */ = {isa = PBXBuildFile; fileRef = CCC8F3872A58B7FF00BAAED1 /* SiteViewModel.swift */; };
		CCC8F38A2A58E26500BAAED1 /* SiteCollectionViewCell.swift in Sources */ = {isa = PBXBuildFile; fileRef = CCC8F3892A58E26500BAAED1 /* SiteCollectionViewCell.swift */; };
		CCC8F38C2A5AE9E400BAAED1 /* InjectNowViewModel.swift in Sources */ = {isa = PBXBuildFile; fileRef = CCC8F38B2A5AE9E400BAAED1 /* InjectNowViewModel.swift */; };
		CCC8F3902A5C627A00BAAED1 /* HistoryProvider.swift in Sources */ = {isa = PBXBuildFile; fileRef = CCC8F38F2A5C627A00BAAED1 /* HistoryProvider.swift */; };
		CCC8F3922A5DF07C00BAAED1 /* HistoryViewModel.swift in Sources */ = {isa = PBXBuildFile; fileRef = CCC8F3912A5DF07C00BAAED1 /* HistoryViewModel.swift */; };
		CCC8F3B62A5F436200BAAED1 /* Queue+CoreDataClass.swift in Sources */ = {isa = PBXBuildFile; fileRef = CCC8F3B42A5F436200BAAED1 /* Queue+CoreDataClass.swift */; };
		CCC8F3B72A5F436200BAAED1 /* Queue+CoreDataProperties.swift in Sources */ = {isa = PBXBuildFile; fileRef = CCC8F3B52A5F436200BAAED1 /* Queue+CoreDataProperties.swift */; };
		CCC8F3B92A62DFCF00BAAED1 /* QueueProvider.swift in Sources */ = {isa = PBXBuildFile; fileRef = CCC8F3B82A62DFCF00BAAED1 /* QueueProvider.swift */; };
		CCC8F3BB2A634B1600BAAED1 /* SelectInjectionViewController.swift in Sources */ = {isa = PBXBuildFile; fileRef = CCC8F3BA2A634B1600BAAED1 /* SelectInjectionViewController.swift */; };
		CCCEC0822A87030500EB265E /* HistoryViewController.swift in Sources */ = {isa = PBXBuildFile; fileRef = CCCEC0812A87030500EB265E /* HistoryViewController.swift */; };
		CCE943802A01B23B00514710 /* Coordinator.swift in Sources */ = {isa = PBXBuildFile; fileRef = CCE9437F2A01B23B00514710 /* Coordinator.swift */; };
		CCE943822A01B30B00514710 /* Storyboarded.swift in Sources */ = {isa = PBXBuildFile; fileRef = CCE943812A01B30B00514710 /* Storyboarded.swift */; };
		CCE943842A01C87200514710 /* MainCoordinator.swift in Sources */ = {isa = PBXBuildFile; fileRef = CCE943832A01C87200514710 /* MainCoordinator.swift */; };
		CCE97A4C2AC38F70008B1293 /* OnboardingCoordinator.swift in Sources */ = {isa = PBXBuildFile; fileRef = CCE97A4B2AC38F70008B1293 /* OnboardingCoordinator.swift */; };
		CCE97A512AC3974E008B1293 /* WelcomeViewController.swift in Sources */ = {isa = PBXBuildFile; fileRef = CCE97A502AC3974E008B1293 /* WelcomeViewController.swift */; };
		CCE97A532AC47693008B1293 /* OnboardingViewController.swift in Sources */ = {isa = PBXBuildFile; fileRef = CCE97A522AC47693008B1293 /* OnboardingViewController.swift */; };
		CCE97A552AC5B917008B1293 /* OnboardingCollectionViewCell.swift in Sources */ = {isa = PBXBuildFile; fileRef = CCE97A542AC5B917008B1293 /* OnboardingCollectionViewCell.swift */; };
		CCE97A572AC5B9C1008B1293 /* BodyPartViewController.swift in Sources */ = {isa = PBXBuildFile; fileRef = CCE97A562AC5B9C1008B1293 /* BodyPartViewController.swift */; };
		CCE97A592AC5B9F3008B1293 /* NotificationsViewController.swift in Sources */ = {isa = PBXBuildFile; fileRef = CCE97A582AC5B9F3008B1293 /* NotificationsViewController.swift */; };
		CCE97A5B2AC5BA04008B1293 /* TermsViewController.swift in Sources */ = {isa = PBXBuildFile; fileRef = CCE97A5A2AC5BA04008B1293 /* TermsViewController.swift */; };
		CCE97A5E2AC738E0008B1293 /* Lottie in Frameworks */ = {isa = PBXBuildFile; productRef = CCE97A5D2AC738E0008B1293 /* Lottie */; };
/* End PBXBuildFile section */

/* Begin PBXFileReference section */
		CC1356DC2A294AE50073431B /* InjectionProvider.swift */ = {isa = PBXFileReference; lastKnownFileType = sourcecode.swift; path = InjectionProvider.swift; sourceTree = "<group>"; };
		CC1356DE2A2CE1120073431B /* InjectionViewModel.swift */ = {isa = PBXFileReference; lastKnownFileType = sourcecode.swift; path = InjectionViewModel.swift; sourceTree = "<group>"; };
		CC1356E02A2F7CC10073431B /* BodyPartProvider.swift */ = {isa = PBXFileReference; lastKnownFileType = sourcecode.swift; path = BodyPartProvider.swift; sourceTree = "<group>"; };
		CC1356E22A2F8F1A0073431B /* BodyPartViewModel.swift */ = {isa = PBXFileReference; lastKnownFileType = sourcecode.swift; path = BodyPartViewModel.swift; sourceTree = "<group>"; };
		CC1A7CC72A9795C700F748EB /* HistoryTableViewController.swift */ = {isa = PBXFileReference; lastKnownFileType = sourcecode.swift; path = HistoryTableViewController.swift; sourceTree = "<group>"; };
		CC1A7CC92A9BF12000F748EB /* TimePickerTableViewCell.swift */ = {isa = PBXFileReference; lastKnownFileType = sourcecode.swift; path = TimePickerTableViewCell.swift; sourceTree = "<group>"; };
		CC1A7CCB2AA285B900F748EB /* InjectionDescriptionTableViewCell.swift */ = {isa = PBXFileReference; lastKnownFileType = sourcecode.swift; path = InjectionDescriptionTableViewCell.swift; sourceTree = "<group>"; };
		CC1A7CCD2AA288B300F748EB /* HistoryTableViewCell.swift */ = {isa = PBXFileReference; lastKnownFileType = sourcecode.swift; path = HistoryTableViewCell.swift; sourceTree = "<group>"; };
		CC22B2B82A1E760F00EE9C85 /* StorageProvider.swift */ = {isa = PBXFileReference; lastKnownFileType = sourcecode.swift; path = StorageProvider.swift; sourceTree = "<group>"; };
		CC31CD5D2A22A85F00C20CAB /* UserDefaults+Shared.swift */ = {isa = PBXFileReference; lastKnownFileType = sourcecode.swift; path = "UserDefaults+Shared.swift"; sourceTree = "<group>"; };
		CC31CD5F2A23ECB700C20CAB /* BodyPart+CoreDataClass.swift */ = {isa = PBXFileReference; lastKnownFileType = sourcecode.swift; name = "BodyPart+CoreDataClass.swift"; path = "SubQ/BodyPart/BodyPart+CoreDataClass.swift"; sourceTree = SOURCE_ROOT; };
		CC31CD602A23ECB700C20CAB /* BodyPart+CoreDataProperties.swift */ = {isa = PBXFileReference; lastKnownFileType = sourcecode.swift; name = "BodyPart+CoreDataProperties.swift"; path = "SubQ/BodyPart/BodyPart+CoreDataProperties.swift"; sourceTree = SOURCE_ROOT; };
		CC31CD612A23ECB700C20CAB /* Injection+CoreDataClass.swift */ = {isa = PBXFileReference; lastKnownFileType = sourcecode.swift; name = "Injection+CoreDataClass.swift"; path = "SubQ/Injection/Injection+CoreDataClass.swift"; sourceTree = SOURCE_ROOT; };
		CC31CD622A23ECB700C20CAB /* Injection+CoreDataProperties.swift */ = {isa = PBXFileReference; lastKnownFileType = sourcecode.swift; name = "Injection+CoreDataProperties.swift"; path = "SubQ/Injection/Injection+CoreDataProperties.swift"; sourceTree = SOURCE_ROOT; };
		CC31CD632A23ECB700C20CAB /* History+CoreDataClass.swift */ = {isa = PBXFileReference; lastKnownFileType = sourcecode.swift; name = "History+CoreDataClass.swift"; path = "SubQ/History/History+CoreDataClass.swift"; sourceTree = SOURCE_ROOT; };
		CC31CD642A23ECB700C20CAB /* History+CoreDataProperties.swift */ = {isa = PBXFileReference; lastKnownFileType = sourcecode.swift; name = "History+CoreDataProperties.swift"; path = "SubQ/History/History+CoreDataProperties.swift"; sourceTree = SOURCE_ROOT; };
		CC31CD652A23ECB700C20CAB /* Site+CoreDataClass.swift */ = {isa = PBXFileReference; lastKnownFileType = sourcecode.swift; name = "Site+CoreDataClass.swift"; path = "SubQ/Site/Site+CoreDataClass.swift"; sourceTree = SOURCE_ROOT; };
		CC31CD662A23ECB700C20CAB /* Site+CoreDataProperties.swift */ = {isa = PBXFileReference; lastKnownFileType = sourcecode.swift; name = "Site+CoreDataProperties.swift"; path = "SubQ/Site/Site+CoreDataProperties.swift"; sourceTree = SOURCE_ROOT; };
		CC31CD702A254A3C00C20CAB /* EditInjectionViewModel.swift */ = {isa = PBXFileReference; lastKnownFileType = sourcecode.swift; path = EditInjectionViewModel.swift; sourceTree = "<group>"; };
		CC4AF1BF2A8E8A67000FC22A /* Frequency+CoreDataClass.swift */ = {isa = PBXFileReference; lastKnownFileType = sourcecode.swift; path = "Frequency+CoreDataClass.swift"; sourceTree = "<group>"; };
		CC4AF1C02A8E8A67000FC22A /* Frequency+CoreDataProperties.swift */ = {isa = PBXFileReference; lastKnownFileType = sourcecode.swift; path = "Frequency+CoreDataProperties.swift"; sourceTree = "<group>"; };
		CC4AF1C32A8EB5A7000FC22A /* EditInjectionTableViewController.swift */ = {isa = PBXFileReference; lastKnownFileType = sourcecode.swift; path = EditInjectionTableViewController.swift; sourceTree = "<group>"; };
		CC4AF1C52A8EBC6B000FC22A /* TextInputTableViewCell.swift */ = {isa = PBXFileReference; lastKnownFileType = sourcecode.swift; path = TextInputTableViewCell.swift; sourceTree = "<group>"; };
		CC4AF1C92A900291000FC22A /* FrequencyTableViewCell.swift */ = {isa = PBXFileReference; lastKnownFileType = sourcecode.swift; path = FrequencyTableViewCell.swift; sourceTree = "<group>"; };
		CC4AF1CD2A926BE4000FC22A /* CenteredTextTableViewCell.swift */ = {isa = PBXFileReference; lastKnownFileType = sourcecode.swift; path = CenteredTextTableViewCell.swift; sourceTree = "<group>"; };
		CC4AF1CF2A92E383000FC22A /* InjectionTableViewController.swift */ = {isa = PBXFileReference; lastKnownFileType = sourcecode.swift; path = InjectionTableViewController.swift; sourceTree = "<group>"; };
		CC4AF1D12A93BB28000FC22A /* InjectionTableViewCell.swift */ = {isa = PBXFileReference; lastKnownFileType = sourcecode.swift; path = InjectionTableViewCell.swift; sourceTree = "<group>"; };
		CC4AF1D32A941245000FC22A /* SelectInjectionTableViewController.swift */ = {isa = PBXFileReference; lastKnownFileType = sourcecode.swift; path = SelectInjectionTableViewController.swift; sourceTree = "<group>"; };
		CC4C16D62AAA0F1600B55E66 /* BadgeButton.swift */ = {isa = PBXFileReference; lastKnownFileType = sourcecode.swift; path = BadgeButton.swift; sourceTree = "<group>"; };
		CC4C16DA2AAB6ED800B55E66 /* InjectNowDataView.swift */ = {isa = PBXFileReference; lastKnownFileType = sourcecode.swift; path = InjectNowDataView.swift; sourceTree = "<group>"; };
		CC4CB05A2AD49C9A00150079 /* TextTableHeaderView.swift */ = {isa = PBXFileReference; lastKnownFileType = sourcecode.swift; path = TextTableHeaderView.swift; sourceTree = "<group>"; };
		CC5738952A3153B7000257E0 /* SiteProvider.swift */ = {isa = PBXFileReference; lastKnownFileType = sourcecode.swift; path = SiteProvider.swift; sourceTree = "<group>"; };
		CC5738972A34C2A8000257E0 /* Quadrant.swift */ = {isa = PBXFileReference; lastKnownFileType = sourcecode.swift; path = Quadrant.swift; sourceTree = "<group>"; };
		CC5738992A34C50B000257E0 /* Section+CoreDataClass.swift */ = {isa = PBXFileReference; lastKnownFileType = sourcecode.swift; path = "Section+CoreDataClass.swift"; sourceTree = "<group>"; };
		CC57389A2A34C50B000257E0 /* Section+CoreDataProperties.swift */ = {isa = PBXFileReference; lastKnownFileType = sourcecode.swift; path = "Section+CoreDataProperties.swift"; sourceTree = "<group>"; };
		CC57389D2A34CA38000257E0 /* SectionProvider.swift */ = {isa = PBXFileReference; lastKnownFileType = sourcecode.swift; path = SectionProvider.swift; sourceTree = "<group>"; };
		CC57389F2A360ACA000257E0 /* SectionViewModel.swift */ = {isa = PBXFileReference; lastKnownFileType = sourcecode.swift; path = SectionViewModel.swift; sourceTree = "<group>"; };
		CC7762ED2A69EFB400AEC489 /* SelectInjectionCoordinator.swift */ = {isa = PBXFileReference; lastKnownFileType = sourcecode.swift; path = SelectInjectionCoordinator.swift; sourceTree = "<group>"; };
		CC7762EF2A7BEE5000AEC489 /* ResultsHeaderView.swift */ = {isa = PBXFileReference; lastKnownFileType = sourcecode.swift; path = ResultsHeaderView.swift; sourceTree = "<group>"; };
		CC7762F12A7BFEAB00AEC489 /* FilterTableViewController.swift */ = {isa = PBXFileReference; lastKnownFileType = sourcecode.swift; path = FilterTableViewController.swift; sourceTree = "<group>"; };
		CC7762F32A7C10A600AEC489 /* FilterCoordinator.swift */ = {isa = PBXFileReference; lastKnownFileType = sourcecode.swift; path = FilterCoordinator.swift; sourceTree = "<group>"; };
		CC7762F52A7C536800AEC489 /* DateRangeTableViewCell.swift */ = {isa = PBXFileReference; lastKnownFileType = sourcecode.swift; path = DateRangeTableViewCell.swift; sourceTree = "<group>"; };
		CC7762F72A7C5FFC00AEC489 /* SegmentedTableViewCell.swift */ = {isa = PBXFileReference; lastKnownFileType = sourcecode.swift; path = SegmentedTableViewCell.swift; sourceTree = "<group>"; };
		CC7762F92A7D35E800AEC489 /* FilterTableFooterView.swift */ = {isa = PBXFileReference; lastKnownFileType = sourcecode.swift; path = FilterTableFooterView.swift; sourceTree = "<group>"; };
		CC815A802AADFD0A00EC0F0A /* SelectQueueObjectTableViewCell.swift */ = {isa = PBXFileReference; lastKnownFileType = sourcecode.swift; path = SelectQueueObjectTableViewCell.swift; sourceTree = "<group>"; };
		CC815A822AB125A700EC0F0A /* UIViewController+showConfirmationView.swift */ = {isa = PBXFileReference; lastKnownFileType = sourcecode.swift; path = "UIViewController+showConfirmationView.swift"; sourceTree = "<group>"; };
		CC815A842ABA391000EC0F0A /* CheckableBodyPartCollectionViewCell.swift */ = {isa = PBXFileReference; lastKnownFileType = sourcecode.swift; path = CheckableBodyPartCollectionViewCell.swift; sourceTree = "<group>"; };
		CC864EB02A489C0500869A8C /* UITextField+textPublisher.swift */ = {isa = PBXFileReference; lastKnownFileType = sourcecode.swift; path = "UITextField+textPublisher.swift"; sourceTree = "<group>"; };
		CC864EED2A4CD0AE00869A8C /* Date+prettyTime.swift */ = {isa = PBXFileReference; lastKnownFileType = sourcecode.swift; path = "Date+prettyTime.swift"; sourceTree = "<group>"; };
		CC9F516E29FEBD1B00E6FAF6 /* SubQ.app */ = {isa = PBXFileReference; explicitFileType = wrapper.application; includeInIndex = 0; path = SubQ.app; sourceTree = BUILT_PRODUCTS_DIR; };
		CC9F517129FEBD1B00E6FAF6 /* AppDelegate.swift */ = {isa = PBXFileReference; lastKnownFileType = sourcecode.swift; path = AppDelegate.swift; sourceTree = "<group>"; };
		CC9F517329FEBD1B00E6FAF6 /* SceneDelegate.swift */ = {isa = PBXFileReference; lastKnownFileType = sourcecode.swift; path = SceneDelegate.swift; sourceTree = "<group>"; };
		CC9F517829FEBD1B00E6FAF6 /* Base */ = {isa = PBXFileReference; lastKnownFileType = file.storyboard; name = Base; path = Base.lproj/Main.storyboard; sourceTree = "<group>"; };
		CC9F517B29FEBD1B00E6FAF6 /* SubQ.xcdatamodel */ = {isa = PBXFileReference; lastKnownFileType = wrapper.xcdatamodel; path = SubQ.xcdatamodel; sourceTree = "<group>"; };
		CC9F517D29FEBD1E00E6FAF6 /* Assets.xcassets */ = {isa = PBXFileReference; lastKnownFileType = folder.assetcatalog; path = Assets.xcassets; sourceTree = "<group>"; };
		CC9F518029FEBD1E00E6FAF6 /* Base */ = {isa = PBXFileReference; lastKnownFileType = file.storyboard; name = Base; path = Base.lproj/LaunchScreen.storyboard; sourceTree = "<group>"; };
		CC9F518229FEBD1E00E6FAF6 /* Info.plist */ = {isa = PBXFileReference; lastKnownFileType = text.plist.xml; path = Info.plist; sourceTree = "<group>"; };
		CCA980302A281B3C00BF518C /* DatePickerContentConfiguration.swift */ = {isa = PBXFileReference; lastKnownFileType = sourcecode.swift; path = DatePickerContentConfiguration.swift; sourceTree = "<group>"; };
		CCA980322A281B7D00BF518C /* DatePickerContentView.swift */ = {isa = PBXFileReference; lastKnownFileType = sourcecode.swift; path = DatePickerContentView.swift; sourceTree = "<group>"; };
		CCB20E6F2AC8EBE10009B696 /* OnboardingViewModel.swift */ = {isa = PBXFileReference; lastKnownFileType = sourcecode.swift; path = OnboardingViewModel.swift; sourceTree = "<group>"; };
		CCB20E712ACA09760009B696 /* BodyPartHeader.swift */ = {isa = PBXFileReference; lastKnownFileType = sourcecode.swift; path = BodyPartHeader.swift; sourceTree = "<group>"; };
		CCBCE2182A13C8BA001B73D6 /* SectionCollectionViewCell.swift */ = {isa = PBXFileReference; lastKnownFileType = sourcecode.swift; path = SectionCollectionViewCell.swift; sourceTree = "<group>"; };
		CCBCE21A2A142096001B73D6 /* TextSupplementaryView.swift */ = {isa = PBXFileReference; lastKnownFileType = sourcecode.swift; path = TextSupplementaryView.swift; sourceTree = "<group>"; };
		CCBCE21C2A15149C001B73D6 /* SiteViewController.swift */ = {isa = PBXFileReference; lastKnownFileType = sourcecode.swift; path = SiteViewController.swift; sourceTree = "<group>"; };
		CCBCE21E2A1524D7001B73D6 /* SiteCoordinator.swift */ = {isa = PBXFileReference; lastKnownFileType = sourcecode.swift; path = SiteCoordinator.swift; sourceTree = "<group>"; };
		CCBCE2252A16FE02001B73D6 /* EditInjectionViewController.swift */ = {isa = PBXFileReference; lastKnownFileType = sourcecode.swift; path = EditInjectionViewController.swift; sourceTree = "<group>"; };
		CCBCE2272A17C95E001B73D6 /* TextInputCollectionViewCell.swift */ = {isa = PBXFileReference; lastKnownFileType = sourcecode.swift; path = TextInputCollectionViewCell.swift; sourceTree = "<group>"; };
		CCBCE2292A17CD62001B73D6 /* TimePickerCollectionViewCell.swift */ = {isa = PBXFileReference; lastKnownFileType = sourcecode.swift; path = TimePickerCollectionViewCell.swift; sourceTree = "<group>"; };
		CCBCE2332A1A7077001B73D6 /* CenteredTextLabelCell.swift */ = {isa = PBXFileReference; lastKnownFileType = sourcecode.swift; path = CenteredTextLabelCell.swift; sourceTree = "<group>"; };
		CCC4B85F2A0337BC008BFF81 /* MainTabBarController.swift */ = {isa = PBXFileReference; lastKnownFileType = sourcecode.swift; path = MainTabBarController.swift; sourceTree = "<group>"; };
		CCC4B8632A0413C0008BFF81 /* InjectionCoordinator.swift */ = {isa = PBXFileReference; lastKnownFileType = sourcecode.swift; path = InjectionCoordinator.swift; sourceTree = "<group>"; };
		CCC4B8652A044738008BFF81 /* SectionCoordinator.swift */ = {isa = PBXFileReference; lastKnownFileType = sourcecode.swift; path = SectionCoordinator.swift; sourceTree = "<group>"; };
		CCC4B8672A0447C9008BFF81 /* HistoryCoordinator.swift */ = {isa = PBXFileReference; lastKnownFileType = sourcecode.swift; path = HistoryCoordinator.swift; sourceTree = "<group>"; };
		CCC4B8692A0447E0008BFF81 /* SettingsCoordinator.swift */ = {isa = PBXFileReference; lastKnownFileType = sourcecode.swift; path = SettingsCoordinator.swift; sourceTree = "<group>"; };
		CCC4B86B2A0453B3008BFF81 /* InjectionViewController.swift */ = {isa = PBXFileReference; lastKnownFileType = sourcecode.swift; path = InjectionViewController.swift; sourceTree = "<group>"; };
		CCC4B86F2A045901008BFF81 /* SectionViewController.swift */ = {isa = PBXFileReference; lastKnownFileType = sourcecode.swift; path = SectionViewController.swift; sourceTree = "<group>"; };
		CCC4B8712A04591B008BFF81 /* HistoryCollectionViewController.swift */ = {isa = PBXFileReference; lastKnownFileType = sourcecode.swift; path = HistoryCollectionViewController.swift; sourceTree = "<group>"; };
		CCC4B8732A04592F008BFF81 /* SettingsViewController.swift */ = {isa = PBXFileReference; lastKnownFileType = sourcecode.swift; path = SettingsViewController.swift; sourceTree = "<group>"; };
		CCC4B8922A098D4D008BFF81 /* EditInjectionCoordinator.swift */ = {isa = PBXFileReference; lastKnownFileType = sourcecode.swift; path = EditInjectionCoordinator.swift; sourceTree = "<group>"; };
		CCC4B8A02A0FD9DE008BFF81 /* DaysViewController.swift */ = {isa = PBXFileReference; lastKnownFileType = sourcecode.swift; path = DaysViewController.swift; sourceTree = "<group>"; };
		CCC4B8A22A0FDE77008BFF81 /* DaysCoordinator.swift */ = {isa = PBXFileReference; lastKnownFileType = sourcecode.swift; path = DaysCoordinator.swift; sourceTree = "<group>"; };
		CCC8F37F2A51D72600BAAED1 /* NotificationManager.swift */ = {isa = PBXFileReference; lastKnownFileType = sourcecode.swift; path = NotificationManager.swift; sourceTree = "<group>"; };
		CCC8F3812A53776F00BAAED1 /* InjectNowViewController.swift */ = {isa = PBXFileReference; lastKnownFileType = sourcecode.swift; path = InjectNowViewController.swift; sourceTree = "<group>"; };
		CCC8F3832A55BE6100BAAED1 /* InjectNowCoordinator.swift */ = {isa = PBXFileReference; lastKnownFileType = sourcecode.swift; path = InjectNowCoordinator.swift; sourceTree = "<group>"; };
		CCC8F3852A55C0E400BAAED1 /* Coordinated.swift */ = {isa = PBXFileReference; lastKnownFileType = sourcecode.swift; path = Coordinated.swift; sourceTree = "<group>"; };
		CCC8F3872A58B7FF00BAAED1 /* SiteViewModel.swift */ = {isa = PBXFileReference; lastKnownFileType = sourcecode.swift; path = SiteViewModel.swift; sourceTree = "<group>"; };
		CCC8F3892A58E26500BAAED1 /* SiteCollectionViewCell.swift */ = {isa = PBXFileReference; lastKnownFileType = sourcecode.swift; path = SiteCollectionViewCell.swift; sourceTree = "<group>"; };
		CCC8F38B2A5AE9E400BAAED1 /* InjectNowViewModel.swift */ = {isa = PBXFileReference; lastKnownFileType = sourcecode.swift; path = InjectNowViewModel.swift; sourceTree = "<group>"; };
		CCC8F38F2A5C627A00BAAED1 /* HistoryProvider.swift */ = {isa = PBXFileReference; lastKnownFileType = sourcecode.swift; path = HistoryProvider.swift; sourceTree = "<group>"; };
		CCC8F3912A5DF07C00BAAED1 /* HistoryViewModel.swift */ = {isa = PBXFileReference; lastKnownFileType = sourcecode.swift; path = HistoryViewModel.swift; sourceTree = "<group>"; };
		CCC8F3B42A5F436200BAAED1 /* Queue+CoreDataClass.swift */ = {isa = PBXFileReference; lastKnownFileType = sourcecode.swift; path = "Queue+CoreDataClass.swift"; sourceTree = SOURCE_ROOT; };
		CCC8F3B52A5F436200BAAED1 /* Queue+CoreDataProperties.swift */ = {isa = PBXFileReference; lastKnownFileType = sourcecode.swift; path = "Queue+CoreDataProperties.swift"; sourceTree = SOURCE_ROOT; };
		CCC8F3B82A62DFCF00BAAED1 /* QueueProvider.swift */ = {isa = PBXFileReference; lastKnownFileType = sourcecode.swift; path = QueueProvider.swift; sourceTree = "<group>"; };
		CCC8F3BA2A634B1600BAAED1 /* SelectInjectionViewController.swift */ = {isa = PBXFileReference; lastKnownFileType = sourcecode.swift; path = SelectInjectionViewController.swift; sourceTree = "<group>"; };
		CCCEC0812A87030500EB265E /* HistoryViewController.swift */ = {isa = PBXFileReference; lastKnownFileType = sourcecode.swift; path = HistoryViewController.swift; sourceTree = "<group>"; };
		CCE9437D29FEC42C00514710 /* SubQ.entitlements */ = {isa = PBXFileReference; lastKnownFileType = text.plist.entitlements; path = SubQ.entitlements; sourceTree = "<group>"; };
		CCE9437F2A01B23B00514710 /* Coordinator.swift */ = {isa = PBXFileReference; lastKnownFileType = sourcecode.swift; path = Coordinator.swift; sourceTree = "<group>"; };
		CCE943812A01B30B00514710 /* Storyboarded.swift */ = {isa = PBXFileReference; lastKnownFileType = sourcecode.swift; path = Storyboarded.swift; sourceTree = "<group>"; };
		CCE943832A01C87200514710 /* MainCoordinator.swift */ = {isa = PBXFileReference; lastKnownFileType = sourcecode.swift; path = MainCoordinator.swift; sourceTree = "<group>"; };
		CCE97A4B2AC38F70008B1293 /* OnboardingCoordinator.swift */ = {isa = PBXFileReference; lastKnownFileType = sourcecode.swift; path = OnboardingCoordinator.swift; sourceTree = "<group>"; };
		CCE97A502AC3974E008B1293 /* WelcomeViewController.swift */ = {isa = PBXFileReference; lastKnownFileType = sourcecode.swift; path = WelcomeViewController.swift; sourceTree = "<group>"; };
		CCE97A522AC47693008B1293 /* OnboardingViewController.swift */ = {isa = PBXFileReference; lastKnownFileType = sourcecode.swift; path = OnboardingViewController.swift; sourceTree = "<group>"; };
		CCE97A542AC5B917008B1293 /* OnboardingCollectionViewCell.swift */ = {isa = PBXFileReference; lastKnownFileType = sourcecode.swift; path = OnboardingCollectionViewCell.swift; sourceTree = "<group>"; };
		CCE97A562AC5B9C1008B1293 /* BodyPartViewController.swift */ = {isa = PBXFileReference; lastKnownFileType = sourcecode.swift; path = BodyPartViewController.swift; sourceTree = "<group>"; };
		CCE97A582AC5B9F3008B1293 /* NotificationsViewController.swift */ = {isa = PBXFileReference; lastKnownFileType = sourcecode.swift; path = NotificationsViewController.swift; sourceTree = "<group>"; };
		CCE97A5A2AC5BA04008B1293 /* TermsViewController.swift */ = {isa = PBXFileReference; lastKnownFileType = sourcecode.swift; path = TermsViewController.swift; sourceTree = "<group>"; };
/* End PBXFileReference section */

/* Begin PBXFrameworksBuildPhase section */
		CC9F516B29FEBD1B00E6FAF6 /* Frameworks */ = {
			isa = PBXFrameworksBuildPhase;
			buildActionMask = 2147483647;
			files = (
				CCC4B8992A0D9FD1008BFF81 /* SnapKit in Frameworks */,
				CCE97A5E2AC738E0008B1293 /* Lottie in Frameworks */,
			);
			runOnlyForDeploymentPostprocessing = 0;
		};
/* End PBXFrameworksBuildPhase section */

/* Begin PBXGroup section */
		CC22B2B72A1E522F00EE9C85 /* Models */ = {
			isa = PBXGroup;
			children = (
				CC5738972A34C2A8000257E0 /* Quadrant.swift */,
			);
			path = Models;
			sourceTree = "<group>";
		};
		CC31CD6F2A254A1100C20CAB /* ViewModels */ = {
			isa = PBXGroup;
			children = (
			);
			path = ViewModels;
			sourceTree = "<group>";
		};
		CC5738A12A3B4883000257E0 /* BodyPart */ = {
			isa = PBXGroup;
			children = (
				CC31CD5F2A23ECB700C20CAB /* BodyPart+CoreDataClass.swift */,
				CC31CD602A23ECB700C20CAB /* BodyPart+CoreDataProperties.swift */,
				CC1356E02A2F7CC10073431B /* BodyPartProvider.swift */,
				CC1356E22A2F8F1A0073431B /* BodyPartViewModel.swift */,
			);
			path = BodyPart;
			sourceTree = "<group>";
		};
		CC5738A22A3B48BD000257E0 /* Section */ = {
			isa = PBXGroup;
			children = (
				CCC4B8652A044738008BFF81 /* SectionCoordinator.swift */,
				CCBCE2182A13C8BA001B73D6 /* SectionCollectionViewCell.swift */,
				CC5738992A34C50B000257E0 /* Section+CoreDataClass.swift */,
				CC57389A2A34C50B000257E0 /* Section+CoreDataProperties.swift */,
				CC57389D2A34CA38000257E0 /* SectionProvider.swift */,
				CCC4B86F2A045901008BFF81 /* SectionViewController.swift */,
				CC57389F2A360ACA000257E0 /* SectionViewModel.swift */,
			);
			path = Section;
			sourceTree = "<group>";
		};
		CC5738A32A3B56DE000257E0 /* Injection */ = {
			isa = PBXGroup;
			children = (
				CC7762EC2A69EF5800AEC489 /* InjectNow */,
				CC7762EB2A69EF4200AEC489 /* Frequency */,
				CC7762EA2A69EF1D00AEC489 /* Edit */,
				CC31CD612A23ECB700C20CAB /* Injection+CoreDataClass.swift */,
				CC31CD622A23ECB700C20CAB /* Injection+CoreDataProperties.swift */,
				CCC4B8632A0413C0008BFF81 /* InjectionCoordinator.swift */,
				CC1356DC2A294AE50073431B /* InjectionProvider.swift */,
				CCC4B86B2A0453B3008BFF81 /* InjectionViewController.swift */,
				CC1356DE2A2CE1120073431B /* InjectionViewModel.swift */,
				CC4AF1CF2A92E383000FC22A /* InjectionTableViewController.swift */,
				CC4AF1D12A93BB28000FC22A /* InjectionTableViewCell.swift */,
			);
			path = Injection;
			sourceTree = "<group>";
		};
		CC5738A42A3B5733000257E0 /* History */ = {
			isa = PBXGroup;
			children = (
				CC31CD632A23ECB700C20CAB /* History+CoreDataClass.swift */,
				CC31CD642A23ECB700C20CAB /* History+CoreDataProperties.swift */,
				CCC4B8712A04591B008BFF81 /* HistoryCollectionViewController.swift */,
				CC1A7CC72A9795C700F748EB /* HistoryTableViewController.swift */,
				CCCEC0812A87030500EB265E /* HistoryViewController.swift */,
				CCC8F3912A5DF07C00BAAED1 /* HistoryViewModel.swift */,
				CCC4B8672A0447C9008BFF81 /* HistoryCoordinator.swift */,
				CCC8F38F2A5C627A00BAAED1 /* HistoryProvider.swift */,
				CC7762F12A7BFEAB00AEC489 /* FilterTableViewController.swift */,
				CC7762F32A7C10A600AEC489 /* FilterCoordinator.swift */,
				CC1A7CCD2AA288B300F748EB /* HistoryTableViewCell.swift */,
			);
			path = History;
			sourceTree = "<group>";
		};
		CC7762EA2A69EF1D00AEC489 /* Edit */ = {
			isa = PBXGroup;
			children = (
				CCC4B8922A098D4D008BFF81 /* EditInjectionCoordinator.swift */,
				CCBCE2252A16FE02001B73D6 /* EditInjectionViewController.swift */,
				CC31CD702A254A3C00C20CAB /* EditInjectionViewModel.swift */,
				CC4AF1C32A8EB5A7000FC22A /* EditInjectionTableViewController.swift */,
				CC4AF1C52A8EBC6B000FC22A /* TextInputTableViewCell.swift */,
				CC4AF1C92A900291000FC22A /* FrequencyTableViewCell.swift */,
				CC4AF1CD2A926BE4000FC22A /* CenteredTextTableViewCell.swift */,
				CC1A7CC92A9BF12000F748EB /* TimePickerTableViewCell.swift */,
			);
			path = Edit;
			sourceTree = "<group>";
		};
		CC7762EB2A69EF4200AEC489 /* Frequency */ = {
			isa = PBXGroup;
			children = (
				CC4AF1BF2A8E8A67000FC22A /* Frequency+CoreDataClass.swift */,
				CC4AF1C02A8E8A67000FC22A /* Frequency+CoreDataProperties.swift */,
				CCC4B8A22A0FDE77008BFF81 /* DaysCoordinator.swift */,
				CCC4B8A02A0FD9DE008BFF81 /* DaysViewController.swift */,
			);
			path = Frequency;
			sourceTree = "<group>";
		};
		CC7762EC2A69EF5800AEC489 /* InjectNow */ = {
			isa = PBXGroup;
			children = (
				CCC8F3812A53776F00BAAED1 /* InjectNowViewController.swift */,
				CCC8F3832A55BE6100BAAED1 /* InjectNowCoordinator.swift */,
				CCC8F38B2A5AE9E400BAAED1 /* InjectNowViewModel.swift */,
				CCC8F3BA2A634B1600BAAED1 /* SelectInjectionViewController.swift */,
				CC4AF1D32A941245000FC22A /* SelectInjectionTableViewController.swift */,
				CC7762ED2A69EFB400AEC489 /* SelectInjectionCoordinator.swift */,
				CC4C16DA2AAB6ED800B55E66 /* InjectNowDataView.swift */,
				CC815A802AADFD0A00EC0F0A /* SelectQueueObjectTableViewCell.swift */,
			);
			path = InjectNow;
			sourceTree = "<group>";
		};
		CC864EEF2A4E37FC00869A8C /* Site */ = {
			isa = PBXGroup;
			children = (
				CCBCE21E2A1524D7001B73D6 /* SiteCoordinator.swift */,
				CC31CD652A23ECB700C20CAB /* Site+CoreDataClass.swift */,
				CC31CD662A23ECB700C20CAB /* Site+CoreDataProperties.swift */,
				CC5738952A3153B7000257E0 /* SiteProvider.swift */,
				CCBCE21C2A15149C001B73D6 /* SiteViewController.swift */,
				CCC8F3872A58B7FF00BAAED1 /* SiteViewModel.swift */,
				CCC8F3892A58E26500BAAED1 /* SiteCollectionViewCell.swift */,
			);
			path = Site;
			sourceTree = "<group>";
		};
		CC9F516529FEBD1B00E6FAF6 = {
			isa = PBXGroup;
			children = (
				CC9F517029FEBD1B00E6FAF6 /* SubQ */,
				CC9F516F29FEBD1B00E6FAF6 /* Products */,
			);
			sourceTree = "<group>";
		};
		CC9F516F29FEBD1B00E6FAF6 /* Products */ = {
			isa = PBXGroup;
			children = (
				CC9F516E29FEBD1B00E6FAF6 /* SubQ.app */,
			);
			name = Products;
			sourceTree = "<group>";
		};
		CC9F517029FEBD1B00E6FAF6 /* SubQ */ = {
			isa = PBXGroup;
			children = (
				CCB20E732ACB12A50009B696 /* Interface */,
				CCE97A4D2AC390FF008B1293 /* Onboarding */,
				CCC8F3B32A5F433900BAAED1 /* Queue */,
				CC864EEF2A4E37FC00869A8C /* Site */,
				CC5738A42A3B5733000257E0 /* History */,
				CC5738A32A3B56DE000257E0 /* Injection */,
				CC5738A22A3B48BD000257E0 /* Section */,
				CC5738A12A3B4883000257E0 /* BodyPart */,
				CCC4B8622A0412E1008BFF81 /* Coordinators */,
				CC31CD6F2A254A1100C20CAB /* ViewModels */,
				CCC4B8612A0403FF008BFF81 /* ViewControllers */,
				CCC4B8962A0D9446008BFF81 /* Views */,
				CCC4B8832A06A40D008BFF81 /* CoreData */,
				CCE9437D29FEC42C00514710 /* SubQ.entitlements */,
				CC9F517129FEBD1B00E6FAF6 /* AppDelegate.swift */,
				CC9F517329FEBD1B00E6FAF6 /* SceneDelegate.swift */,
				CC9F517729FEBD1B00E6FAF6 /* Main.storyboard */,
				CC9F517D29FEBD1E00E6FAF6 /* Assets.xcassets */,
				CC9F517F29FEBD1E00E6FAF6 /* LaunchScreen.storyboard */,
				CC9F518229FEBD1E00E6FAF6 /* Info.plist */,
				CC9F517A29FEBD1B00E6FAF6 /* SubQ.xcdatamodeld */,
				CCE943812A01B30B00514710 /* Storyboarded.swift */,
				CC31CD5D2A22A85F00C20CAB /* UserDefaults+Shared.swift */,
				CC864EB02A489C0500869A8C /* UITextField+textPublisher.swift */,
				CC864EED2A4CD0AE00869A8C /* Date+prettyTime.swift */,
				CCC8F37F2A51D72600BAAED1 /* NotificationManager.swift */,
				CCC8F3852A55C0E400BAAED1 /* Coordinated.swift */,
				CC815A822AB125A700EC0F0A /* UIViewController+showConfirmationView.swift */,
			);
			path = SubQ;
			sourceTree = "<group>";
		};
		CCA9802D2A281A5A00BF518C /* TimePickerCell */ = {
			isa = PBXGroup;
			children = (
				CCBCE2292A17CD62001B73D6 /* TimePickerCollectionViewCell.swift */,
				CCA980302A281B3C00BF518C /* DatePickerContentConfiguration.swift */,
				CCA980322A281B7D00BF518C /* DatePickerContentView.swift */,
			);
			path = TimePickerCell;
			sourceTree = "<group>";
		};
		CCB20E732ACB12A50009B696 /* Interface */ = {
			isa = PBXGroup;
			children = (
			);
			path = Interface;
			sourceTree = "<group>";
		};
		CCC4B8612A0403FF008BFF81 /* ViewControllers */ = {
			isa = PBXGroup;
			children = (
				CCC4B85F2A0337BC008BFF81 /* MainTabBarController.swift */,
				CCC4B8732A04592F008BFF81 /* SettingsViewController.swift */,
			);
			path = ViewControllers;
			sourceTree = "<group>";
		};
		CCC4B8622A0412E1008BFF81 /* Coordinators */ = {
			isa = PBXGroup;
			children = (
				CCE9437F2A01B23B00514710 /* Coordinator.swift */,
				CCE943832A01C87200514710 /* MainCoordinator.swift */,
				CCC4B8692A0447E0008BFF81 /* SettingsCoordinator.swift */,
			);
			path = Coordinators;
			sourceTree = "<group>";
		};
		CCC4B8832A06A40D008BFF81 /* CoreData */ = {
			isa = PBXGroup;
			children = (
				CC22B2B82A1E760F00EE9C85 /* StorageProvider.swift */,
				CC22B2B72A1E522F00EE9C85 /* Models */,
			);
			path = CoreData;
			sourceTree = "<group>";
		};
		CCC4B8962A0D9446008BFF81 /* Views */ = {
			isa = PBXGroup;
			children = (
				CCA9802D2A281A5A00BF518C /* TimePickerCell */,
				CCBCE21A2A142096001B73D6 /* TextSupplementaryView.swift */,
				CCBCE2272A17C95E001B73D6 /* TextInputCollectionViewCell.swift */,
				CCBCE2332A1A7077001B73D6 /* CenteredTextLabelCell.swift */,
				CC7762EF2A7BEE5000AEC489 /* ResultsHeaderView.swift */,
				CC7762F52A7C536800AEC489 /* DateRangeTableViewCell.swift */,
				CC7762F72A7C5FFC00AEC489 /* SegmentedTableViewCell.swift */,
				CC7762F92A7D35E800AEC489 /* FilterTableFooterView.swift */,
				CC1A7CCB2AA285B900F748EB /* InjectionDescriptionTableViewCell.swift */,
				CC4C16D62AAA0F1600B55E66 /* BadgeButton.swift */,
				CC815A842ABA391000EC0F0A /* CheckableBodyPartCollectionViewCell.swift */,
				CC4CB05A2AD49C9A00150079 /* TextTableHeaderView.swift */,
			);
			path = Views;
			sourceTree = "<group>";
		};
		CCC8F3B32A5F433900BAAED1 /* Queue */ = {
			isa = PBXGroup;
			children = (
				CCC8F3B42A5F436200BAAED1 /* Queue+CoreDataClass.swift */,
				CCC8F3B52A5F436200BAAED1 /* Queue+CoreDataProperties.swift */,
				CCC8F3B82A62DFCF00BAAED1 /* QueueProvider.swift */,
			);
			path = Queue;
			sourceTree = "<group>";
		};
		CCE97A4D2AC390FF008B1293 /* Onboarding */ = {
			isa = PBXGroup;
			children = (
				CCE97A4B2AC38F70008B1293 /* OnboardingCoordinator.swift */,
				CCE97A502AC3974E008B1293 /* WelcomeViewController.swift */,
				CCE97A522AC47693008B1293 /* OnboardingViewController.swift */,
				CCE97A542AC5B917008B1293 /* OnboardingCollectionViewCell.swift */,
				CCE97A562AC5B9C1008B1293 /* BodyPartViewController.swift */,
				CCE97A582AC5B9F3008B1293 /* NotificationsViewController.swift */,
				CCE97A5A2AC5BA04008B1293 /* TermsViewController.swift */,
				CCB20E6F2AC8EBE10009B696 /* OnboardingViewModel.swift */,
				CCB20E712ACA09760009B696 /* BodyPartHeader.swift */,
			);
			path = Onboarding;
			sourceTree = "<group>";
		};
/* End PBXGroup section */

/* Begin PBXNativeTarget section */
		CC9F516D29FEBD1B00E6FAF6 /* SubQ */ = {
			isa = PBXNativeTarget;
			buildConfigurationList = CC9F518529FEBD1E00E6FAF6 /* Build configuration list for PBXNativeTarget "SubQ" */;
			buildPhases = (
				CC9F516A29FEBD1B00E6FAF6 /* Sources */,
				CC9F516B29FEBD1B00E6FAF6 /* Frameworks */,
				CC9F516C29FEBD1B00E6FAF6 /* Resources */,
			);
			buildRules = (
			);
			dependencies = (
			);
			name = SubQ;
			packageProductDependencies = (
				CCC4B8982A0D9FD1008BFF81 /* SnapKit */,
				CCE97A5D2AC738E0008B1293 /* Lottie */,
			);
			productName = SubQ;
			productReference = CC9F516E29FEBD1B00E6FAF6 /* SubQ.app */;
			productType = "com.apple.product-type.application";
		};
/* End PBXNativeTarget section */

/* Begin PBXProject section */
		CC9F516629FEBD1B00E6FAF6 /* Project object */ = {
			isa = PBXProject;
			attributes = {
				BuildIndependentTargetsInParallel = 1;
				LastSwiftUpdateCheck = 1420;
				LastUpgradeCheck = 1420;
				TargetAttributes = {
					CC9F516D29FEBD1B00E6FAF6 = {
						CreatedOnToolsVersion = 14.2;
					};
				};
			};
			buildConfigurationList = CC9F516929FEBD1B00E6FAF6 /* Build configuration list for PBXProject "SubQ" */;
			compatibilityVersion = "Xcode 14.0";
			developmentRegion = en;
			hasScannedForEncodings = 0;
			knownRegions = (
				en,
				Base,
			);
			mainGroup = CC9F516529FEBD1B00E6FAF6;
			packageReferences = (
				CCC4B8972A0D9FD1008BFF81 /* XCRemoteSwiftPackageReference "SnapKit" */,
				CCE97A5C2AC738E0008B1293 /* XCRemoteSwiftPackageReference "lottie-spm" */,
			);
			productRefGroup = CC9F516F29FEBD1B00E6FAF6 /* Products */;
			projectDirPath = "";
			projectRoot = "";
			targets = (
				CC9F516D29FEBD1B00E6FAF6 /* SubQ */,
			);
		};
/* End PBXProject section */

/* Begin PBXResourcesBuildPhase section */
		CC9F516C29FEBD1B00E6FAF6 /* Resources */ = {
			isa = PBXResourcesBuildPhase;
			buildActionMask = 2147483647;
			files = (
				CC9F518129FEBD1E00E6FAF6 /* LaunchScreen.storyboard in Resources */,
				CC9F517E29FEBD1E00E6FAF6 /* Assets.xcassets in Resources */,
				CC9F517929FEBD1B00E6FAF6 /* Main.storyboard in Resources */,
			);
			runOnlyForDeploymentPostprocessing = 0;
		};
/* End PBXResourcesBuildPhase section */

/* Begin PBXSourcesBuildPhase section */
		CC9F516A29FEBD1B00E6FAF6 /* Sources */ = {
			isa = PBXSourcesBuildPhase;
			buildActionMask = 2147483647;
			files = (
				CC7762F42A7C10A600AEC489 /* FilterCoordinator.swift in Sources */,
				CCC8F3862A55C0E400BAAED1 /* Coordinated.swift in Sources */,
				CCC8F3902A5C627A00BAAED1 /* HistoryProvider.swift in Sources */,
				CCE97A4C2AC38F70008B1293 /* OnboardingCoordinator.swift in Sources */,
				CC31CD6D2A23ECB700C20CAB /* Site+CoreDataClass.swift in Sources */,
				CCB20E702AC8EBE10009B696 /* OnboardingViewModel.swift in Sources */,
				CC4AF1C12A8E8A67000FC22A /* Frequency+CoreDataClass.swift in Sources */,
				CCBCE2262A16FE02001B73D6 /* EditInjectionViewController.swift in Sources */,
				CC7762F62A7C536800AEC489 /* DateRangeTableViewCell.swift in Sources */,
				CCC8F3842A55BE6100BAAED1 /* InjectNowCoordinator.swift in Sources */,
				CCE97A512AC3974E008B1293 /* WelcomeViewController.swift in Sources */,
				CCC8F3B62A5F436200BAAED1 /* Queue+CoreDataClass.swift in Sources */,
				CC1A7CCE2AA288B300F748EB /* HistoryTableViewCell.swift in Sources */,
				CC4AF1C22A8E8A67000FC22A /* Frequency+CoreDataProperties.swift in Sources */,
				CC1356E12A2F7CC10073431B /* BodyPartProvider.swift in Sources */,
				CC22B2B92A1E760F00EE9C85 /* StorageProvider.swift in Sources */,
				CC4AF1CA2A900291000FC22A /* FrequencyTableViewCell.swift in Sources */,
				CCC4B86C2A0453B3008BFF81 /* InjectionViewController.swift in Sources */,
				CC4AF1C42A8EB5A7000FC22A /* EditInjectionTableViewController.swift in Sources */,
				CC9F517C29FEBD1B00E6FAF6 /* SubQ.xcdatamodeld in Sources */,
				CCC8F3822A53776F00BAAED1 /* InjectNowViewController.swift in Sources */,
				CCC4B8642A0413C0008BFF81 /* InjectionCoordinator.swift in Sources */,
				CCE943842A01C87200514710 /* MainCoordinator.swift in Sources */,
				CCC8F3922A5DF07C00BAAED1 /* HistoryViewModel.swift in Sources */,
				CCE97A552AC5B917008B1293 /* OnboardingCollectionViewCell.swift in Sources */,
				CC5738A02A360ACB000257E0 /* SectionViewModel.swift in Sources */,
				CC1A7CC82A9795C700F748EB /* HistoryTableViewController.swift in Sources */,
				CCC8F38C2A5AE9E400BAAED1 /* InjectNowViewModel.swift in Sources */,
				CC7762EE2A69EFB400AEC489 /* SelectInjectionCoordinator.swift in Sources */,
				CCC4B8682A0447C9008BFF81 /* HistoryCoordinator.swift in Sources */,
				CCBCE21F2A1524D7001B73D6 /* SiteCoordinator.swift in Sources */,
				CC4C16D72AAA0F1600B55E66 /* BadgeButton.swift in Sources */,
				CC1356DD2A294AE50073431B /* InjectionProvider.swift in Sources */,
				CCBCE21D2A15149C001B73D6 /* SiteViewController.swift in Sources */,
				CCC4B8722A04591B008BFF81 /* HistoryCollectionViewController.swift in Sources */,
				CC7762F82A7C5FFC00AEC489 /* SegmentedTableViewCell.swift in Sources */,
				CCC4B8602A0337BC008BFF81 /* MainTabBarController.swift in Sources */,
				CC5738962A3153B7000257E0 /* SiteProvider.swift in Sources */,
				CCE943802A01B23B00514710 /* Coordinator.swift in Sources */,
				CC815A852ABA391000EC0F0A /* CheckableBodyPartCollectionViewCell.swift in Sources */,
				CC57389E2A34CA38000257E0 /* SectionProvider.swift in Sources */,
				CCC4B8932A098D4D008BFF81 /* EditInjectionCoordinator.swift in Sources */,
				CC1A7CCA2A9BF12000F748EB /* TimePickerTableViewCell.swift in Sources */,
				CC31CD6C2A23ECB700C20CAB /* History+CoreDataProperties.swift in Sources */,
				CCA980332A281B7D00BF518C /* DatePickerContentView.swift in Sources */,
				CC31CD6A2A23ECB700C20CAB /* Injection+CoreDataProperties.swift in Sources */,
				CC31CD5E2A22A85F00C20CAB /* UserDefaults+Shared.swift in Sources */,
				CC4AF1C62A8EBC6B000FC22A /* TextInputTableViewCell.swift in Sources */,
				CC4AF1D22A93BB28000FC22A /* InjectionTableViewCell.swift in Sources */,
				CCC4B8742A04592F008BFF81 /* SettingsViewController.swift in Sources */,
				CCC8F3B72A5F436200BAAED1 /* Queue+CoreDataProperties.swift in Sources */,
				CCA980312A281B3C00BF518C /* DatePickerContentConfiguration.swift in Sources */,
				CCC4B8A32A0FDE77008BFF81 /* DaysCoordinator.swift in Sources */,
				CC864EB12A489C0500869A8C /* UITextField+textPublisher.swift in Sources */,
				CC9F517229FEBD1B00E6FAF6 /* AppDelegate.swift in Sources */,
				CCBCE2282A17C95E001B73D6 /* TextInputCollectionViewCell.swift in Sources */,
				CCC4B8662A044738008BFF81 /* SectionCoordinator.swift in Sources */,
				CC31CD672A23ECB700C20CAB /* BodyPart+CoreDataClass.swift in Sources */,
				CC864EEE2A4CD0AE00869A8C /* Date+prettyTime.swift in Sources */,
				CC57389B2A34C50B000257E0 /* Section+CoreDataClass.swift in Sources */,
				CCB20E722ACA09760009B696 /* BodyPartHeader.swift in Sources */,
				CC7762FA2A7D35E800AEC489 /* FilterTableFooterView.swift in Sources */,
				CCC8F3BB2A634B1600BAAED1 /* SelectInjectionViewController.swift in Sources */,
				CC31CD6B2A23ECB700C20CAB /* History+CoreDataClass.swift in Sources */,
				CCC4B8702A045901008BFF81 /* SectionViewController.swift in Sources */,
				CCE97A592AC5B9F3008B1293 /* NotificationsViewController.swift in Sources */,
				CC5738982A34C2A8000257E0 /* Quadrant.swift in Sources */,
				CC7762F22A7BFEAB00AEC489 /* FilterTableViewController.swift in Sources */,
				CC4C16DB2AAB6ED800B55E66 /* InjectNowDataView.swift in Sources */,
				CC4CB05B2AD49C9A00150079 /* TextTableHeaderView.swift in Sources */,
				CC815A812AADFD0A00EC0F0A /* SelectQueueObjectTableViewCell.swift in Sources */,
				CC31CD712A254A3C00C20CAB /* EditInjectionViewModel.swift in Sources */,
				CC1A7CCC2AA285B900F748EB /* InjectionDescriptionTableViewCell.swift in Sources */,
				CC4AF1CE2A926BE4000FC22A /* CenteredTextTableViewCell.swift in Sources */,
				CC1356E32A2F8F1A0073431B /* BodyPartViewModel.swift in Sources */,
				CCBCE2192A13C8BA001B73D6 /* SectionCollectionViewCell.swift in Sources */,
				CCBCE21B2A142096001B73D6 /* TextSupplementaryView.swift in Sources */,
				CCC4B86A2A0447E0008BFF81 /* SettingsCoordinator.swift in Sources */,
				CC57389C2A34C50B000257E0 /* Section+CoreDataProperties.swift in Sources */,
				CC4AF1D42A941245000FC22A /* SelectInjectionTableViewController.swift in Sources */,
				CCC4B8A12A0FD9DE008BFF81 /* DaysViewController.swift in Sources */,
				CCE97A572AC5B9C1008B1293 /* BodyPartViewController.swift in Sources */,
				CCE97A5B2AC5BA04008B1293 /* TermsViewController.swift in Sources */,
				CCC8F38A2A58E26500BAAED1 /* SiteCollectionViewCell.swift in Sources */,
				CCCEC0822A87030500EB265E /* HistoryViewController.swift in Sources */,
				CC4AF1D02A92E383000FC22A /* InjectionTableViewController.swift in Sources */,
				CC1356DF2A2CE1120073431B /* InjectionViewModel.swift in Sources */,
				CCBCE22A2A17CD62001B73D6 /* TimePickerCollectionViewCell.swift in Sources */,
				CC7762F02A7BEE5000AEC489 /* ResultsHeaderView.swift in Sources */,
				CC9F517429FEBD1B00E6FAF6 /* SceneDelegate.swift in Sources */,
				CCBCE2342A1A7077001B73D6 /* CenteredTextLabelCell.swift in Sources */,
				CCE97A532AC47693008B1293 /* OnboardingViewController.swift in Sources */,
				CC31CD682A23ECB700C20CAB /* BodyPart+CoreDataProperties.swift in Sources */,
				CCE943822A01B30B00514710 /* Storyboarded.swift in Sources */,
				CC31CD6E2A23ECB700C20CAB /* Site+CoreDataProperties.swift in Sources */,
				CCC8F3882A58B7FF00BAAED1 /* SiteViewModel.swift in Sources */,
				CC815A832AB125A700EC0F0A /* UIViewController+showConfirmationView.swift in Sources */,
				CC31CD692A23ECB700C20CAB /* Injection+CoreDataClass.swift in Sources */,
				CCC8F3B92A62DFCF00BAAED1 /* QueueProvider.swift in Sources */,
				CCC8F3802A51D72600BAAED1 /* NotificationManager.swift in Sources */,
			);
			runOnlyForDeploymentPostprocessing = 0;
		};
/* End PBXSourcesBuildPhase section */

/* Begin PBXVariantGroup section */
		CC9F517729FEBD1B00E6FAF6 /* Main.storyboard */ = {
			isa = PBXVariantGroup;
			children = (
				CC9F517829FEBD1B00E6FAF6 /* Base */,
			);
			name = Main.storyboard;
			sourceTree = "<group>";
		};
		CC9F517F29FEBD1E00E6FAF6 /* LaunchScreen.storyboard */ = {
			isa = PBXVariantGroup;
			children = (
				CC9F518029FEBD1E00E6FAF6 /* Base */,
			);
			name = LaunchScreen.storyboard;
			sourceTree = "<group>";
		};
/* End PBXVariantGroup section */

/* Begin XCBuildConfiguration section */
		CC9F518329FEBD1E00E6FAF6 /* Debug */ = {
			isa = XCBuildConfiguration;
			buildSettings = {
				ALWAYS_SEARCH_USER_PATHS = NO;
				CLANG_ANALYZER_NONNULL = YES;
				CLANG_ANALYZER_NUMBER_OBJECT_CONVERSION = YES_AGGRESSIVE;
				CLANG_CXX_LANGUAGE_STANDARD = "gnu++20";
				CLANG_ENABLE_MODULES = YES;
				CLANG_ENABLE_OBJC_ARC = YES;
				CLANG_ENABLE_OBJC_WEAK = YES;
				CLANG_WARN_BLOCK_CAPTURE_AUTORELEASING = YES;
				CLANG_WARN_BOOL_CONVERSION = YES;
				CLANG_WARN_COMMA = YES;
				CLANG_WARN_CONSTANT_CONVERSION = YES;
				CLANG_WARN_DEPRECATED_OBJC_IMPLEMENTATIONS = YES;
				CLANG_WARN_DIRECT_OBJC_ISA_USAGE = YES_ERROR;
				CLANG_WARN_DOCUMENTATION_COMMENTS = YES;
				CLANG_WARN_EMPTY_BODY = YES;
				CLANG_WARN_ENUM_CONVERSION = YES;
				CLANG_WARN_INFINITE_RECURSION = YES;
				CLANG_WARN_INT_CONVERSION = YES;
				CLANG_WARN_NON_LITERAL_NULL_CONVERSION = YES;
				CLANG_WARN_OBJC_IMPLICIT_RETAIN_SELF = YES;
				CLANG_WARN_OBJC_LITERAL_CONVERSION = YES;
				CLANG_WARN_OBJC_ROOT_CLASS = YES_ERROR;
				CLANG_WARN_QUOTED_INCLUDE_IN_FRAMEWORK_HEADER = YES;
				CLANG_WARN_RANGE_LOOP_ANALYSIS = YES;
				CLANG_WARN_STRICT_PROTOTYPES = YES;
				CLANG_WARN_SUSPICIOUS_MOVE = YES;
				CLANG_WARN_UNGUARDED_AVAILABILITY = YES_AGGRESSIVE;
				CLANG_WARN_UNREACHABLE_CODE = YES;
				CLANG_WARN__DUPLICATE_METHOD_MATCH = YES;
				COPY_PHASE_STRIP = NO;
				DEBUG_INFORMATION_FORMAT = dwarf;
				ENABLE_STRICT_OBJC_MSGSEND = YES;
				ENABLE_TESTABILITY = YES;
				GCC_C_LANGUAGE_STANDARD = gnu11;
				GCC_DYNAMIC_NO_PIC = NO;
				GCC_NO_COMMON_BLOCKS = YES;
				GCC_OPTIMIZATION_LEVEL = 0;
				GCC_PREPROCESSOR_DEFINITIONS = (
					"DEBUG=1",
					"$(inherited)",
				);
				GCC_WARN_64_TO_32_BIT_CONVERSION = YES;
				GCC_WARN_ABOUT_RETURN_TYPE = YES_ERROR;
				GCC_WARN_UNDECLARED_SELECTOR = YES;
				GCC_WARN_UNINITIALIZED_AUTOS = YES_AGGRESSIVE;
				GCC_WARN_UNUSED_FUNCTION = YES;
				GCC_WARN_UNUSED_VARIABLE = YES;
				IPHONEOS_DEPLOYMENT_TARGET = 16.2;
				MTL_ENABLE_DEBUG_INFO = INCLUDE_SOURCE;
				MTL_FAST_MATH = YES;
				ONLY_ACTIVE_ARCH = YES;
				SDKROOT = iphoneos;
				SWIFT_ACTIVE_COMPILATION_CONDITIONS = DEBUG;
				SWIFT_OPTIMIZATION_LEVEL = "-Onone";
			};
			name = Debug;
		};
		CC9F518429FEBD1E00E6FAF6 /* Release */ = {
			isa = XCBuildConfiguration;
			buildSettings = {
				ALWAYS_SEARCH_USER_PATHS = NO;
				CLANG_ANALYZER_NONNULL = YES;
				CLANG_ANALYZER_NUMBER_OBJECT_CONVERSION = YES_AGGRESSIVE;
				CLANG_CXX_LANGUAGE_STANDARD = "gnu++20";
				CLANG_ENABLE_MODULES = YES;
				CLANG_ENABLE_OBJC_ARC = YES;
				CLANG_ENABLE_OBJC_WEAK = YES;
				CLANG_WARN_BLOCK_CAPTURE_AUTORELEASING = YES;
				CLANG_WARN_BOOL_CONVERSION = YES;
				CLANG_WARN_COMMA = YES;
				CLANG_WARN_CONSTANT_CONVERSION = YES;
				CLANG_WARN_DEPRECATED_OBJC_IMPLEMENTATIONS = YES;
				CLANG_WARN_DIRECT_OBJC_ISA_USAGE = YES_ERROR;
				CLANG_WARN_DOCUMENTATION_COMMENTS = YES;
				CLANG_WARN_EMPTY_BODY = YES;
				CLANG_WARN_ENUM_CONVERSION = YES;
				CLANG_WARN_INFINITE_RECURSION = YES;
				CLANG_WARN_INT_CONVERSION = YES;
				CLANG_WARN_NON_LITERAL_NULL_CONVERSION = YES;
				CLANG_WARN_OBJC_IMPLICIT_RETAIN_SELF = YES;
				CLANG_WARN_OBJC_LITERAL_CONVERSION = YES;
				CLANG_WARN_OBJC_ROOT_CLASS = YES_ERROR;
				CLANG_WARN_QUOTED_INCLUDE_IN_FRAMEWORK_HEADER = YES;
				CLANG_WARN_RANGE_LOOP_ANALYSIS = YES;
				CLANG_WARN_STRICT_PROTOTYPES = YES;
				CLANG_WARN_SUSPICIOUS_MOVE = YES;
				CLANG_WARN_UNGUARDED_AVAILABILITY = YES_AGGRESSIVE;
				CLANG_WARN_UNREACHABLE_CODE = YES;
				CLANG_WARN__DUPLICATE_METHOD_MATCH = YES;
				COPY_PHASE_STRIP = NO;
				DEBUG_INFORMATION_FORMAT = "dwarf-with-dsym";
				ENABLE_NS_ASSERTIONS = NO;
				ENABLE_STRICT_OBJC_MSGSEND = YES;
				GCC_C_LANGUAGE_STANDARD = gnu11;
				GCC_NO_COMMON_BLOCKS = YES;
				GCC_WARN_64_TO_32_BIT_CONVERSION = YES;
				GCC_WARN_ABOUT_RETURN_TYPE = YES_ERROR;
				GCC_WARN_UNDECLARED_SELECTOR = YES;
				GCC_WARN_UNINITIALIZED_AUTOS = YES_AGGRESSIVE;
				GCC_WARN_UNUSED_FUNCTION = YES;
				GCC_WARN_UNUSED_VARIABLE = YES;
				IPHONEOS_DEPLOYMENT_TARGET = 16.2;
				MTL_ENABLE_DEBUG_INFO = NO;
				MTL_FAST_MATH = YES;
				SDKROOT = iphoneos;
				SWIFT_COMPILATION_MODE = wholemodule;
				SWIFT_OPTIMIZATION_LEVEL = "-O";
				VALIDATE_PRODUCT = YES;
			};
			name = Release;
		};
		CC9F518629FEBD1E00E6FAF6 /* Debug */ = {
			isa = XCBuildConfiguration;
			buildSettings = {
				ASSETCATALOG_COMPILER_APPICON_NAME = AppIcon;
				ASSETCATALOG_COMPILER_GLOBAL_ACCENT_COLOR_NAME = AccentColor;
				CODE_SIGN_ENTITLEMENTS = SubQ/SubQ.entitlements;
				CODE_SIGN_STYLE = Automatic;
				CURRENT_PROJECT_VERSION = 1;
				DEVELOPMENT_TEAM = KWJT7DFNU6;
				GENERATE_INFOPLIST_FILE = YES;
				INFOPLIST_FILE = SubQ/Info.plist;
				INFOPLIST_KEY_UIApplicationSupportsIndirectInputEvents = YES;
				INFOPLIST_KEY_UILaunchStoryboardName = LaunchScreen;
				INFOPLIST_KEY_UISupportedInterfaceOrientations = UIInterfaceOrientationPortrait;
				LD_RUNPATH_SEARCH_PATHS = (
					"$(inherited)",
					"@executable_path/Frameworks",
				);
				MARKETING_VERSION = 1.0;
				PRODUCT_BUNDLE_IDENTIFIER = GusThal.SubQ;
				PRODUCT_NAME = "$(TARGET_NAME)";
				SWIFT_EMIT_LOC_STRINGS = YES;
				SWIFT_VERSION = 5.0;
				TARGETED_DEVICE_FAMILY = "1,2";
			};
			name = Debug;
		};
		CC9F518729FEBD1E00E6FAF6 /* Release */ = {
			isa = XCBuildConfiguration;
			buildSettings = {
				ASSETCATALOG_COMPILER_APPICON_NAME = AppIcon;
				ASSETCATALOG_COMPILER_GLOBAL_ACCENT_COLOR_NAME = AccentColor;
				CODE_SIGN_ENTITLEMENTS = SubQ/SubQ.entitlements;
				CODE_SIGN_STYLE = Automatic;
				CURRENT_PROJECT_VERSION = 1;
				DEVELOPMENT_TEAM = KWJT7DFNU6;
				GENERATE_INFOPLIST_FILE = YES;
				INFOPLIST_FILE = SubQ/Info.plist;
				INFOPLIST_KEY_UIApplicationSupportsIndirectInputEvents = YES;
				INFOPLIST_KEY_UILaunchStoryboardName = LaunchScreen;
				INFOPLIST_KEY_UISupportedInterfaceOrientations = UIInterfaceOrientationPortrait;
				LD_RUNPATH_SEARCH_PATHS = (
					"$(inherited)",
					"@executable_path/Frameworks",
				);
				MARKETING_VERSION = 1.0;
				PRODUCT_BUNDLE_IDENTIFIER = GusThal.SubQ;
				PRODUCT_NAME = "$(TARGET_NAME)";
				SWIFT_EMIT_LOC_STRINGS = YES;
				SWIFT_VERSION = 5.0;
				TARGETED_DEVICE_FAMILY = "1,2";
			};
			name = Release;
		};
/* End XCBuildConfiguration section */

/* Begin XCConfigurationList section */
		CC9F516929FEBD1B00E6FAF6 /* Build configuration list for PBXProject "SubQ" */ = {
			isa = XCConfigurationList;
			buildConfigurations = (
				CC9F518329FEBD1E00E6FAF6 /* Debug */,
				CC9F518429FEBD1E00E6FAF6 /* Release */,
			);
			defaultConfigurationIsVisible = 0;
			defaultConfigurationName = Release;
		};
		CC9F518529FEBD1E00E6FAF6 /* Build configuration list for PBXNativeTarget "SubQ" */ = {
			isa = XCConfigurationList;
			buildConfigurations = (
				CC9F518629FEBD1E00E6FAF6 /* Debug */,
				CC9F518729FEBD1E00E6FAF6 /* Release */,
			);
			defaultConfigurationIsVisible = 0;
			defaultConfigurationName = Release;
		};
/* End XCConfigurationList section */

/* Begin XCRemoteSwiftPackageReference section */
		CCC4B8972A0D9FD1008BFF81 /* XCRemoteSwiftPackageReference "SnapKit" */ = {
			isa = XCRemoteSwiftPackageReference;
			repositoryURL = "https://github.com/SnapKit/SnapKit";
			requirement = {
				kind = upToNextMajorVersion;
				minimumVersion = 5.0.0;
			};
		};
		CCE97A5C2AC738E0008B1293 /* XCRemoteSwiftPackageReference "lottie-spm" */ = {
			isa = XCRemoteSwiftPackageReference;
			repositoryURL = "https://github.com/airbnb/lottie-spm.git";
			requirement = {
				kind = upToNextMajorVersion;
				minimumVersion = 4.3.2;
			};
		};
/* End XCRemoteSwiftPackageReference section */

/* Begin XCSwiftPackageProductDependency section */
		CCC4B8982A0D9FD1008BFF81 /* SnapKit */ = {
			isa = XCSwiftPackageProductDependency;
			package = CCC4B8972A0D9FD1008BFF81 /* XCRemoteSwiftPackageReference "SnapKit" */;
			productName = SnapKit;
		};
		CCE97A5D2AC738E0008B1293 /* Lottie */ = {
			isa = XCSwiftPackageProductDependency;
			package = CCE97A5C2AC738E0008B1293 /* XCRemoteSwiftPackageReference "lottie-spm" */;
			productName = Lottie;
		};
/* End XCSwiftPackageProductDependency section */

/* Begin XCVersionGroup section */
		CC9F517A29FEBD1B00E6FAF6 /* SubQ.xcdatamodeld */ = {
			isa = XCVersionGroup;
			children = (
				CC9F517B29FEBD1B00E6FAF6 /* SubQ.xcdatamodel */,
			);
			currentVersion = CC9F517B29FEBD1B00E6FAF6 /* SubQ.xcdatamodel */;
			path = SubQ.xcdatamodeld;
			sourceTree = "<group>";
			versionGroupType = wrapper.xcdatamodel;
		};
/* End XCVersionGroup section */
	};
	rootObject = CC9F516629FEBD1B00E6FAF6 /* Project object */;
}
