// !$*UTF8*$!
{
	archiveVersion = 1;
	classes = {
	};
	objectVersion = 56;
	objects = {

/* Begin PBXBuildFile section */
		CC9F517229FEBD1B00E6FAF6 /* AppDelegate.swift in Sources */ = {isa = PBXBuildFile; fileRef = CC9F517129FEBD1B00E6FAF6 /* AppDelegate.swift */; };
		CC9F517429FEBD1B00E6FAF6 /* SceneDelegate.swift in Sources */ = {isa = PBXBuildFile; fileRef = CC9F517329FEBD1B00E6FAF6 /* SceneDelegate.swift */; };
		CC9F517629FEBD1B00E6FAF6 /* ViewController.swift in Sources */ = {isa = PBXBuildFile; fileRef = CC9F517529FEBD1B00E6FAF6 /* ViewController.swift */; };
		CC9F517929FEBD1B00E6FAF6 /* Main.storyboard in Resources */ = {isa = PBXBuildFile; fileRef = CC9F517729FEBD1B00E6FAF6 /* Main.storyboard */; };
		CC9F517C29FEBD1B00E6FAF6 /* SubQ.xcdatamodeld in Sources */ = {isa = PBXBuildFile; fileRef = CC9F517A29FEBD1B00E6FAF6 /* SubQ.xcdatamodeld */; };
		CC9F517E29FEBD1E00E6FAF6 /* Assets.xcassets in Resources */ = {isa = PBXBuildFile; fileRef = CC9F517D29FEBD1E00E6FAF6 /* Assets.xcassets */; };
		CC9F518129FEBD1E00E6FAF6 /* LaunchScreen.storyboard in Resources */ = {isa = PBXBuildFile; fileRef = CC9F517F29FEBD1E00E6FAF6 /* LaunchScreen.storyboard */; };
/* End PBXBuildFile section */

/* Begin PBXFileReference section */
		CC9F516E29FEBD1B00E6FAF6 /* SubQ.app */ = {isa = PBXFileReference; explicitFileType = wrapper.application; includeInIndex = 0; path = SubQ.app; sourceTree = BUILT_PRODUCTS_DIR; };
		CC9F517129FEBD1B00E6FAF6 /* AppDelegate.swift */ = {isa = PBXFileReference; lastKnownFileType = sourcecode.swift; path = AppDelegate.swift; sourceTree = "<group>"; };
		CC9F517329FEBD1B00E6FAF6 /* SceneDelegate.swift */ = {isa = PBXFileReference; lastKnownFileType = sourcecode.swift; path = SceneDelegate.swift; sourceTree = "<group>"; };
		CC9F517529FEBD1B00E6FAF6 /* ViewController.swift */ = {isa = PBXFileReference; lastKnownFileType = sourcecode.swift; path = ViewController.swift; sourceTree = "<group>"; };
		CC9F517829FEBD1B00E6FAF6 /* Base */ = {isa = PBXFileReference; lastKnownFileType = file.storyboard; name = Base; path = Base.lproj/Main.storyboard; sourceTree = "<group>"; };
		CC9F517B29FEBD1B00E6FAF6 /* SubQ.xcdatamodel */ = {isa = PBXFileReference; lastKnownFileType = wrapper.xcdatamodel; path = SubQ.xcdatamodel; sourceTree = "<group>"; };
		CC9F517D29FEBD1E00E6FAF6 /* Assets.xcassets */ = {isa = PBXFileReference; lastKnownFileType = folder.assetcatalog; path = Assets.xcassets; sourceTree = "<group>"; };
		CC9F518029FEBD1E00E6FAF6 /* Base */ = {isa = PBXFileReference; lastKnownFileType = file.storyboard; name = Base; path = Base.lproj/LaunchScreen.storyboard; sourceTree = "<group>"; };
		CC9F518229FEBD1E00E6FAF6 /* Info.plist */ = {isa = PBXFileReference; lastKnownFileType = text.plist.xml; path = Info.plist; sourceTree = "<group>"; };
/* End PBXFileReference section */

/* Begin PBXFrameworksBuildPhase section */
		CC9F516B29FEBD1B00E6FAF6 /* Frameworks */ = {
			isa = PBXFrameworksBuildPhase;
			buildActionMask = 2147483647;
			files = (
			);
			runOnlyForDeploymentPostprocessing = 0;
		};
/* End PBXFrameworksBuildPhase section */

/* Begin PBXGroup section */
		CC9F516529FEBD1B00E6FAF6 = {
			isa = PBXGroup;
			children = (
				CC9F517029FEBD1B00E6FAF6 /* SubQ */,
				CC9F516F29FEBD1B00E6FAF6 /* Products */,
			);
			sourceTree = "<group>";
		};
		CC9F516F29FEBD1B00E6FAF6 /* Products */ = {
			isa = PBXGroup;
			children = (
				CC9F516E29FEBD1B00E6FAF6 /* SubQ.app */,
			);
			name = Products;
			sourceTree = "<group>";
		};
		CC9F517029FEBD1B00E6FAF6 /* SubQ */ = {
			isa = PBXGroup;
			children = (
				CC9F517129FEBD1B00E6FAF6 /* AppDelegate.swift */,
				CC9F517329FEBD1B00E6FAF6 /* SceneDelegate.swift */,
				CC9F517529FEBD1B00E6FAF6 /* ViewController.swift */,
				CC9F517729FEBD1B00E6FAF6 /* Main.storyboard */,
				CC9F517D29FEBD1E00E6FAF6 /* Assets.xcassets */,
				CC9F517F29FEBD1E00E6FAF6 /* LaunchScreen.storyboard */,
				CC9F518229FEBD1E00E6FAF6 /* Info.plist */,
				CC9F517A29FEBD1B00E6FAF6 /* SubQ.xcdatamodeld */,
			);
			path = SubQ;
			sourceTree = "<group>";
		};
/* End PBXGroup section */

/* Begin PBXNativeTarget section */
		CC9F516D29FEBD1B00E6FAF6 /* SubQ */ = {
			isa = PBXNativeTarget;
			buildConfigurationList = CC9F518529FEBD1E00E6FAF6 /* Build configuration list for PBXNativeTarget "SubQ" */;
			buildPhases = (
				CC9F516A29FEBD1B00E6FAF6 /* Sources */,
				CC9F516B29FEBD1B00E6FAF6 /* Frameworks */,
				CC9F516C29FEBD1B00E6FAF6 /* Resources */,
			);
			buildRules = (
			);
			dependencies = (
			);
			name = SubQ;
			productName = SubQ;
			productReference = CC9F516E29FEBD1B00E6FAF6 /* SubQ.app */;
			productType = "com.apple.product-type.application";
		};
/* End PBXNativeTarget section */

/* Begin PBXProject section */
		CC9F516629FEBD1B00E6FAF6 /* Project object */ = {
			isa = PBXProject;
			attributes = {
				BuildIndependentTargetsInParallel = 1;
				LastSwiftUpdateCheck = 1420;
				LastUpgradeCheck = 1420;
				TargetAttributes = {
					CC9F516D29FEBD1B00E6FAF6 = {
						CreatedOnToolsVersion = 14.2;
					};
				};
			};
			buildConfigurationList = CC9F516929FEBD1B00E6FAF6 /* Build configuration list for PBXProject "SubQ" */;
			compatibilityVersion = "Xcode 14.0";
			developmentRegion = en;
			hasScannedForEncodings = 0;
			knownRegions = (
				en,
				Base,
			);
			mainGroup = CC9F516529FEBD1B00E6FAF6;
			productRefGroup = CC9F516F29FEBD1B00E6FAF6 /* Products */;
			projectDirPath = "";
			projectRoot = "";
			targets = (
				CC9F516D29FEBD1B00E6FAF6 /* SubQ */,
			);
		};
/* End PBXProject section */

/* Begin PBXResourcesBuildPhase section */
		CC9F516C29FEBD1B00E6FAF6 /* Resources */ = {
			isa = PBXResourcesBuildPhase;
			buildActionMask = 2147483647;
			files = (
				CC9F518129FEBD1E00E6FAF6 /* LaunchScreen.storyboard in Resources */,
				CC9F517E29FEBD1E00E6FAF6 /* Assets.xcassets in Resources */,
				CC9F517929FEBD1B00E6FAF6 /* Main.storyboard in Resources */,
			);
			runOnlyForDeploymentPostprocessing = 0;
		};
/* End PBXResourcesBuildPhase section */

/* Begin PBXSourcesBuildPhase section */
		CC9F516A29FEBD1B00E6FAF6 /* Sources */ = {
			isa = PBXSourcesBuildPhase;
			buildActionMask = 2147483647;
			files = (
				CC9F517C29FEBD1B00E6FAF6 /* SubQ.xcdatamodeld in Sources */,
				CC9F517629FEBD1B00E6FAF6 /* ViewController.swift in Sources */,
				CC9F517229FEBD1B00E6FAF6 /* AppDelegate.swift in Sources */,
				CC9F517429FEBD1B00E6FAF6 /* SceneDelegate.swift in Sources */,
			);
			runOnlyForDeploymentPostprocessing = 0;
		};
/* End PBXSourcesBuildPhase section */

/* Begin PBXVariantGroup section */
		CC9F517729FEBD1B00E6FAF6 /* Main.storyboard */ = {
			isa = PBXVariantGroup;
			children = (
				CC9F517829FEBD1B00E6FAF6 /* Base */,
			);
			name = Main.storyboard;
			sourceTree = "<group>";
		};
		CC9F517F29FEBD1E00E6FAF6 /* LaunchScreen.storyboard */ = {
			isa = PBXVariantGroup;
			children = (
				CC9F518029FEBD1E00E6FAF6 /* Base */,
			);
			name = LaunchScreen.storyboard;
			sourceTree = "<group>";
		};
/* End PBXVariantGroup section */

/* Begin XCBuildConfiguration section */
		CC9F518329FEBD1E00E6FAF6 /* Debug */ = {
			isa = XCBuildConfiguration;
			buildSettings = {
				ALWAYS_SEARCH_USER_PATHS = NO;
				CLANG_ANALYZER_NONNULL = YES;
				CLANG_ANALYZER_NUMBER_OBJECT_CONVERSION = YES_AGGRESSIVE;
				CLANG_CXX_LANGUAGE_STANDARD = "gnu++20";
				CLANG_ENABLE_MODULES = YES;
				CLANG_ENABLE_OBJC_ARC = YES;
				CLANG_ENABLE_OBJC_WEAK = YES;
				CLANG_WARN_BLOCK_CAPTURE_AUTORELEASING = YES;
				CLANG_WARN_BOOL_CONVERSION = YES;
				CLANG_WARN_COMMA = YES;
				CLANG_WARN_CONSTANT_CONVERSION = YES;
				CLANG_WARN_DEPRECATED_OBJC_IMPLEMENTATIONS = YES;
				CLANG_WARN_DIRECT_OBJC_ISA_USAGE = YES_ERROR;
				CLANG_WARN_DOCUMENTATION_COMMENTS = YES;
				CLANG_WARN_EMPTY_BODY = YES;
				CLANG_WARN_ENUM_CONVERSION = YES;
				CLANG_WARN_INFINITE_RECURSION = YES;
				CLANG_WARN_INT_CONVERSION = YES;
				CLANG_WARN_NON_LITERAL_NULL_CONVERSION = YES;
				CLANG_WARN_OBJC_IMPLICIT_RETAIN_SELF = YES;
				CLANG_WARN_OBJC_LITERAL_CONVERSION = YES;
				CLANG_WARN_OBJC_ROOT_CLASS = YES_ERROR;
				CLANG_WARN_QUOTED_INCLUDE_IN_FRAMEWORK_HEADER = YES;
				CLANG_WARN_RANGE_LOOP_ANALYSIS = YES;
				CLANG_WARN_STRICT_PROTOTYPES = YES;
				CLANG_WARN_SUSPICIOUS_MOVE = YES;
				CLANG_WARN_UNGUARDED_AVAILABILITY = YES_AGGRESSIVE;
				CLANG_WARN_UNREACHABLE_CODE = YES;
				CLANG_WARN__DUPLICATE_METHOD_MATCH = YES;
				COPY_PHASE_STRIP = NO;
				DEBUG_INFORMATION_FORMAT = dwarf;
				ENABLE_STRICT_OBJC_MSGSEND = YES;
				ENABLE_TESTABILITY = YES;
				GCC_C_LANGUAGE_STANDARD = gnu11;
				GCC_DYNAMIC_NO_PIC = NO;
				GCC_NO_COMMON_BLOCKS = YES;
				GCC_OPTIMIZATION_LEVEL = 0;
				GCC_PREPROCESSOR_DEFINITIONS = (
					"DEBUG=1",
					"$(inherited)",
				);
				GCC_WARN_64_TO_32_BIT_CONVERSION = YES;
				GCC_WARN_ABOUT_RETURN_TYPE = YES_ERROR;
				GCC_WARN_UNDECLARED_SELECTOR = YES;
				GCC_WARN_UNINITIALIZED_AUTOS = YES_AGGRESSIVE;
				GCC_WARN_UNUSED_FUNCTION = YES;
				GCC_WARN_UNUSED_VARIABLE = YES;
				IPHONEOS_DEPLOYMENT_TARGET = 16.2;
				MTL_ENABLE_DEBUG_INFO = INCLUDE_SOURCE;
				MTL_FAST_MATH = YES;
				ONLY_ACTIVE_ARCH = YES;
				SDKROOT = iphoneos;
				SWIFT_ACTIVE_COMPILATION_CONDITIONS = DEBUG;
				SWIFT_OPTIMIZATION_LEVEL = "-Onone";
			};
			name = Debug;
		};
		CC9F518429FEBD1E00E6FAF6 /* Release */ = {
			isa = XCBuildConfiguration;
			buildSettings = {
				ALWAYS_SEARCH_USER_PATHS = NO;
				CLANG_ANALYZER_NONNULL = YES;
				CLANG_ANALYZER_NUMBER_OBJECT_CONVERSION = YES_AGGRESSIVE;
				CLANG_CXX_LANGUAGE_STANDARD = "gnu++20";
				CLANG_ENABLE_MODULES = YES;
				CLANG_ENABLE_OBJC_ARC = YES;
				CLANG_ENABLE_OBJC_WEAK = YES;
				CLANG_WARN_BLOCK_CAPTURE_AUTORELEASING = YES;
				CLANG_WARN_BOOL_CONVERSION = YES;
				CLANG_WARN_COMMA = YES;
				CLANG_WARN_CONSTANT_CONVERSION = YES;
				CLANG_WARN_DEPRECATED_OBJC_IMPLEMENTATIONS = YES;
				CLANG_WARN_DIRECT_OBJC_ISA_USAGE = YES_ERROR;
				CLANG_WARN_DOCUMENTATION_COMMENTS = YES;
				CLANG_WARN_EMPTY_BODY = YES;
				CLANG_WARN_ENUM_CONVERSION = YES;
				CLANG_WARN_INFINITE_RECURSION = YES;
				CLANG_WARN_INT_CONVERSION = YES;
				CLANG_WARN_NON_LITERAL_NULL_CONVERSION = YES;
				CLANG_WARN_OBJC_IMPLICIT_RETAIN_SELF = YES;
				CLANG_WARN_OBJC_LITERAL_CONVERSION = YES;
				CLANG_WARN_OBJC_ROOT_CLASS = YES_ERROR;
				CLANG_WARN_QUOTED_INCLUDE_IN_FRAMEWORK_HEADER = YES;
				CLANG_WARN_RANGE_LOOP_ANALYSIS = YES;
				CLANG_WARN_STRICT_PROTOTYPES = YES;
				CLANG_WARN_SUSPICIOUS_MOVE = YES;
				CLANG_WARN_UNGUARDED_AVAILABILITY = YES_AGGRESSIVE;
				CLANG_WARN_UNREACHABLE_CODE = YES;
				CLANG_WARN__DUPLICATE_METHOD_MATCH = YES;
				COPY_PHASE_STRIP = NO;
				DEBUG_INFORMATION_FORMAT = "dwarf-with-dsym";
				ENABLE_NS_ASSERTIONS = NO;
				ENABLE_STRICT_OBJC_MSGSEND = YES;
				GCC_C_LANGUAGE_STANDARD = gnu11;
				GCC_NO_COMMON_BLOCKS = YES;
				GCC_WARN_64_TO_32_BIT_CONVERSION = YES;
				GCC_WARN_ABOUT_RETURN_TYPE = YES_ERROR;
				GCC_WARN_UNDECLARED_SELECTOR = YES;
				GCC_WARN_UNINITIALIZED_AUTOS = YES_AGGRESSIVE;
				GCC_WARN_UNUSED_FUNCTION = YES;
				GCC_WARN_UNUSED_VARIABLE = YES;
				IPHONEOS_DEPLOYMENT_TARGET = 16.2;
				MTL_ENABLE_DEBUG_INFO = NO;
				MTL_FAST_MATH = YES;
				SDKROOT = iphoneos;
				SWIFT_COMPILATION_MODE = wholemodule;
				SWIFT_OPTIMIZATION_LEVEL = "-O";
				VALIDATE_PRODUCT = YES;
			};
			name = Release;
		};
		CC9F518629FEBD1E00E6FAF6 /* Debug */ = {
			isa = XCBuildConfiguration;
			buildSettings = {
				ASSETCATALOG_COMPILER_APPICON_NAME = AppIcon;
				ASSETCATALOG_COMPILER_GLOBAL_ACCENT_COLOR_NAME = AccentColor;
				CODE_SIGN_STYLE = Automatic;
				CURRENT_PROJECT_VERSION = 1;
				DEVELOPMENT_TEAM = KWJT7DFNU6;
				GENERATE_INFOPLIST_FILE = YES;
				INFOPLIST_FILE = SubQ/Info.plist;
				INFOPLIST_KEY_UIApplicationSupportsIndirectInputEvents = YES;
				INFOPLIST_KEY_UILaunchStoryboardName = LaunchScreen;
				INFOPLIST_KEY_UIMainStoryboardFile = Main;
				INFOPLIST_KEY_UISupportedInterfaceOrientations_iPad = "UIInterfaceOrientationPortrait UIInterfaceOrientationPortraitUpsideDown UIInterfaceOrientationLandscapeLeft UIInterfaceOrientationLandscapeRight";
				INFOPLIST_KEY_UISupportedInterfaceOrientations_iPhone = "UIInterfaceOrientationPortrait UIInterfaceOrientationLandscapeLeft UIInterfaceOrientationLandscapeRight";
				LD_RUNPATH_SEARCH_PATHS = (
					"$(inherited)",
					"@executable_path/Frameworks",
				);
				MARKETING_VERSION = 1.0;
				PRODUCT_BUNDLE_IDENTIFIER = GusThal.SubQ;
				PRODUCT_NAME = "$(TARGET_NAME)";
				SWIFT_EMIT_LOC_STRINGS = YES;
				SWIFT_VERSION = 5.0;
				TARGETED_DEVICE_FAMILY = "1,2";
			};
			name = Debug;
		};
		CC9F518729FEBD1E00E6FAF6 /* Release */ = {
			isa = XCBuildConfiguration;
			buildSettings = {
				ASSETCATALOG_COMPILER_APPICON_NAME = AppIcon;
				ASSETCATALOG_COMPILER_GLOBAL_ACCENT_COLOR_NAME = AccentColor;
				CODE_SIGN_STYLE = Automatic;
				CURRENT_PROJECT_VERSION = 1;
				DEVELOPMENT_TEAM = KWJT7DFNU6;
				GENERATE_INFOPLIST_FILE = YES;
				INFOPLIST_FILE = SubQ/Info.plist;
				INFOPLIST_KEY_UIApplicationSupportsIndirectInputEvents = YES;
				INFOPLIST_KEY_UILaunchStoryboardName = LaunchScreen;
				INFOPLIST_KEY_UIMainStoryboardFile = Main;
				INFOPLIST_KEY_UISupportedInterfaceOrientations_iPad = "UIInterfaceOrientationPortrait UIInterfaceOrientationPortraitUpsideDown UIInterfaceOrientationLandscapeLeft UIInterfaceOrientationLandscapeRight";
				INFOPLIST_KEY_UISupportedInterfaceOrientations_iPhone = "UIInterfaceOrientationPortrait UIInterfaceOrientationLandscapeLeft UIInterfaceOrientationLandscapeRight";
				LD_RUNPATH_SEARCH_PATHS = (
					"$(inherited)",
					"@executable_path/Frameworks",
				);
				MARKETING_VERSION = 1.0;
				PRODUCT_BUNDLE_IDENTIFIER = GusThal.SubQ;
				PRODUCT_NAME = "$(TARGET_NAME)";
				SWIFT_EMIT_LOC_STRINGS = YES;
				SWIFT_VERSION = 5.0;
				TARGETED_DEVICE_FAMILY = "1,2";
			};
			name = Release;
		};
/* End XCBuildConfiguration section */

/* Begin XCConfigurationList section */
		CC9F516929FEBD1B00E6FAF6 /* Build configuration list for PBXProject "SubQ" */ = {
			isa = XCConfigurationList;
			buildConfigurations = (
				CC9F518329FEBD1E00E6FAF6 /* Debug */,
				CC9F518429FEBD1E00E6FAF6 /* Release */,
			);
			defaultConfigurationIsVisible = 0;
			defaultConfigurationName = Release;
		};
		CC9F518529FEBD1E00E6FAF6 /* Build configuration list for PBXNativeTarget "SubQ" */ = {
			isa = XCConfigurationList;
			buildConfigurations = (
				CC9F518629FEBD1E00E6FAF6 /* Debug */,
				CC9F518729FEBD1E00E6FAF6 /* Release */,
			);
			defaultConfigurationIsVisible = 0;
			defaultConfigurationName = Release;
		};
/* End XCConfigurationList section */

/* Begin XCVersionGroup section */
		CC9F517A29FEBD1B00E6FAF6 /* SubQ.xcdatamodeld */ = {
			isa = XCVersionGroup;
			children = (
				CC9F517B29FEBD1B00E6FAF6 /* SubQ.xcdatamodel */,
			);
			currentVersion = CC9F517B29FEBD1B00E6FAF6 /* SubQ.xcdatamodel */;
			path = SubQ.xcdatamodeld;
			sourceTree = "<group>";
			versionGroupType = wrapper.xcdatamodel;
		};
/* End XCVersionGroup section */
	};
	rootObject = CC9F516629FEBD1B00E6FAF6 /* Project object */;
}
