// !$*UTF8*$!
{
	archiveVersion = 1;
	classes = {
	};
	objectVersion = 56;
	objects = {

/* Begin PBXBuildFile section */
		CC9F517229FEBD1B00E6FAF6 /* AppDelegate.swift in Sources */ = {isa = PBXBuildFile; fileRef = CC9F517129FEBD1B00E6FAF6 /* AppDelegate.swift */; };
		CC9F517429FEBD1B00E6FAF6 /* SceneDelegate.swift in Sources */ = {isa = PBXBuildFile; fileRef = CC9F517329FEBD1B00E6FAF6 /* SceneDelegate.swift */; };
		CC9F517929FEBD1B00E6FAF6 /* Main.storyboard in Resources */ = {isa = PBXBuildFile; fileRef = CC9F517729FEBD1B00E6FAF6 /* Main.storyboard */; };
		CC9F517C29FEBD1B00E6FAF6 /* SubQ.xcdatamodeld in Sources */ = {isa = PBXBuildFile; fileRef = CC9F517A29FEBD1B00E6FAF6 /* SubQ.xcdatamodeld */; };
		CC9F517E29FEBD1E00E6FAF6 /* Assets.xcassets in Resources */ = {isa = PBXBuildFile; fileRef = CC9F517D29FEBD1E00E6FAF6 /* Assets.xcassets */; };
		CC9F518129FEBD1E00E6FAF6 /* LaunchScreen.storyboard in Resources */ = {isa = PBXBuildFile; fileRef = CC9F517F29FEBD1E00E6FAF6 /* LaunchScreen.storyboard */; };
		CCC4B8602A0337BC008BFF81 /* MainTabBarController.swift in Sources */ = {isa = PBXBuildFile; fileRef = CCC4B85F2A0337BC008BFF81 /* MainTabBarController.swift */; };
		CCC4B8642A0413C0008BFF81 /* InjectionTableCoordinator.swift in Sources */ = {isa = PBXBuildFile; fileRef = CCC4B8632A0413C0008BFF81 /* InjectionTableCoordinator.swift */; };
		CCC4B8662A044738008BFF81 /* InjectionSiteCoordinator.swift in Sources */ = {isa = PBXBuildFile; fileRef = CCC4B8652A044738008BFF81 /* InjectionSiteCoordinator.swift */; };
		CCC4B8682A0447C9008BFF81 /* InjectionHistoryCoordinator.swift in Sources */ = {isa = PBXBuildFile; fileRef = CCC4B8672A0447C9008BFF81 /* InjectionHistoryCoordinator.swift */; };
		CCC4B86A2A0447E0008BFF81 /* SettingsCoordinator.swift in Sources */ = {isa = PBXBuildFile; fileRef = CCC4B8692A0447E0008BFF81 /* SettingsCoordinator.swift */; };
		CCC4B86C2A0453B3008BFF81 /* InjectionCollectionViewController.swift in Sources */ = {isa = PBXBuildFile; fileRef = CCC4B86B2A0453B3008BFF81 /* InjectionCollectionViewController.swift */; };
		CCC4B8702A045901008BFF81 /* InjectionSiteViewController.swift in Sources */ = {isa = PBXBuildFile; fileRef = CCC4B86F2A045901008BFF81 /* InjectionSiteViewController.swift */; };
		CCC4B8722A04591B008BFF81 /* InjectionHistoryViewController.swift in Sources */ = {isa = PBXBuildFile; fileRef = CCC4B8712A04591B008BFF81 /* InjectionHistoryViewController.swift */; };
		CCC4B8742A04592F008BFF81 /* SettingsViewController.swift in Sources */ = {isa = PBXBuildFile; fileRef = CCC4B8732A04592F008BFF81 /* SettingsViewController.swift */; };
		CCC4B88A2A06A49F008BFF81 /* History+CoreDataClass.swift in Sources */ = {isa = PBXBuildFile; fileRef = CCC4B8842A06A49F008BFF81 /* History+CoreDataClass.swift */; };
		CCC4B88B2A06A49F008BFF81 /* History+CoreDataProperties.swift in Sources */ = {isa = PBXBuildFile; fileRef = CCC4B8852A06A49F008BFF81 /* History+CoreDataProperties.swift */; };
		CCC4B88C2A06A49F008BFF81 /* Injection+CoreDataClass.swift in Sources */ = {isa = PBXBuildFile; fileRef = CCC4B8862A06A49F008BFF81 /* Injection+CoreDataClass.swift */; };
		CCC4B88D2A06A49F008BFF81 /* Injection+CoreDataProperties.swift in Sources */ = {isa = PBXBuildFile; fileRef = CCC4B8872A06A49F008BFF81 /* Injection+CoreDataProperties.swift */; };
		CCC4B88E2A06A49F008BFF81 /* Site+CoreDataClass.swift in Sources */ = {isa = PBXBuildFile; fileRef = CCC4B8882A06A49F008BFF81 /* Site+CoreDataClass.swift */; };
		CCC4B88F2A06A49F008BFF81 /* Site+CoreDataProperties.swift in Sources */ = {isa = PBXBuildFile; fileRef = CCC4B8892A06A49F008BFF81 /* Site+CoreDataProperties.swift */; };
		CCC4B8932A098D4D008BFF81 /* EditInjectionCoordinator.swift in Sources */ = {isa = PBXBuildFile; fileRef = CCC4B8922A098D4D008BFF81 /* EditInjectionCoordinator.swift */; };
		CCC4B8952A0A825E008BFF81 /* EditInjectionTableViewController.swift in Sources */ = {isa = PBXBuildFile; fileRef = CCC4B8942A0A825E008BFF81 /* EditInjectionTableViewController.swift */; };
		CCC4B8992A0D9FD1008BFF81 /* SnapKit in Frameworks */ = {isa = PBXBuildFile; productRef = CCC4B8982A0D9FD1008BFF81 /* SnapKit */; };
		CCC4B89B2A0DA147008BFF81 /* TextInputTableViewCell.swift in Sources */ = {isa = PBXBuildFile; fileRef = CCC4B89A2A0DA147008BFF81 /* TextInputTableViewCell.swift */; };
		CCC4B89D2A0EF936008BFF81 /* DosageTableViewCell.swift in Sources */ = {isa = PBXBuildFile; fileRef = CCC4B89C2A0EF936008BFF81 /* DosageTableViewCell.swift */; };
		CCC4B89F2A0FCB17008BFF81 /* DayTableViewCell.swift in Sources */ = {isa = PBXBuildFile; fileRef = CCC4B89E2A0FCB17008BFF81 /* DayTableViewCell.swift */; };
		CCE943802A01B23B00514710 /* Coordinator.swift in Sources */ = {isa = PBXBuildFile; fileRef = CCE9437F2A01B23B00514710 /* Coordinator.swift */; };
		CCE943822A01B30B00514710 /* Storyboarded.swift in Sources */ = {isa = PBXBuildFile; fileRef = CCE943812A01B30B00514710 /* Storyboarded.swift */; };
		CCE943842A01C87200514710 /* MainCoordinator.swift in Sources */ = {isa = PBXBuildFile; fileRef = CCE943832A01C87200514710 /* MainCoordinator.swift */; };
/* End PBXBuildFile section */

/* Begin PBXFileReference section */
		CC9F516E29FEBD1B00E6FAF6 /* SubQ.app */ = {isa = PBXFileReference; explicitFileType = wrapper.application; includeInIndex = 0; path = SubQ.app; sourceTree = BUILT_PRODUCTS_DIR; };
		CC9F517129FEBD1B00E6FAF6 /* AppDelegate.swift */ = {isa = PBXFileReference; lastKnownFileType = sourcecode.swift; path = AppDelegate.swift; sourceTree = "<group>"; };
		CC9F517329FEBD1B00E6FAF6 /* SceneDelegate.swift */ = {isa = PBXFileReference; lastKnownFileType = sourcecode.swift; path = SceneDelegate.swift; sourceTree = "<group>"; };
		CC9F517829FEBD1B00E6FAF6 /* Base */ = {isa = PBXFileReference; lastKnownFileType = file.storyboard; name = Base; path = Base.lproj/Main.storyboard; sourceTree = "<group>"; };
		CC9F517B29FEBD1B00E6FAF6 /* SubQ.xcdatamodel */ = {isa = PBXFileReference; lastKnownFileType = wrapper.xcdatamodel; path = SubQ.xcdatamodel; sourceTree = "<group>"; };
		CC9F517D29FEBD1E00E6FAF6 /* Assets.xcassets */ = {isa = PBXFileReference; lastKnownFileType = folder.assetcatalog; path = Assets.xcassets; sourceTree = "<group>"; };
		CC9F518029FEBD1E00E6FAF6 /* Base */ = {isa = PBXFileReference; lastKnownFileType = file.storyboard; name = Base; path = Base.lproj/LaunchScreen.storyboard; sourceTree = "<group>"; };
		CC9F518229FEBD1E00E6FAF6 /* Info.plist */ = {isa = PBXFileReference; lastKnownFileType = text.plist.xml; path = Info.plist; sourceTree = "<group>"; };
		CCC4B85F2A0337BC008BFF81 /* MainTabBarController.swift */ = {isa = PBXFileReference; lastKnownFileType = sourcecode.swift; path = MainTabBarController.swift; sourceTree = "<group>"; };
		CCC4B8632A0413C0008BFF81 /* InjectionTableCoordinator.swift */ = {isa = PBXFileReference; lastKnownFileType = sourcecode.swift; path = InjectionTableCoordinator.swift; sourceTree = "<group>"; };
		CCC4B8652A044738008BFF81 /* InjectionSiteCoordinator.swift */ = {isa = PBXFileReference; lastKnownFileType = sourcecode.swift; path = InjectionSiteCoordinator.swift; sourceTree = "<group>"; };
		CCC4B8672A0447C9008BFF81 /* InjectionHistoryCoordinator.swift */ = {isa = PBXFileReference; lastKnownFileType = sourcecode.swift; path = InjectionHistoryCoordinator.swift; sourceTree = "<group>"; };
		CCC4B8692A0447E0008BFF81 /* SettingsCoordinator.swift */ = {isa = PBXFileReference; lastKnownFileType = sourcecode.swift; path = SettingsCoordinator.swift; sourceTree = "<group>"; };
		CCC4B86B2A0453B3008BFF81 /* InjectionCollectionViewController.swift */ = {isa = PBXFileReference; lastKnownFileType = sourcecode.swift; path = InjectionCollectionViewController.swift; sourceTree = "<group>"; };
		CCC4B86F2A045901008BFF81 /* InjectionSiteViewController.swift */ = {isa = PBXFileReference; lastKnownFileType = sourcecode.swift; path = InjectionSiteViewController.swift; sourceTree = "<group>"; };
		CCC4B8712A04591B008BFF81 /* InjectionHistoryViewController.swift */ = {isa = PBXFileReference; lastKnownFileType = sourcecode.swift; path = InjectionHistoryViewController.swift; sourceTree = "<group>"; };
		CCC4B8732A04592F008BFF81 /* SettingsViewController.swift */ = {isa = PBXFileReference; lastKnownFileType = sourcecode.swift; path = SettingsViewController.swift; sourceTree = "<group>"; };
		CCC4B8842A06A49F008BFF81 /* History+CoreDataClass.swift */ = {isa = PBXFileReference; lastKnownFileType = sourcecode.swift; path = "History+CoreDataClass.swift"; sourceTree = "<group>"; };
		CCC4B8852A06A49F008BFF81 /* History+CoreDataProperties.swift */ = {isa = PBXFileReference; lastKnownFileType = sourcecode.swift; path = "History+CoreDataProperties.swift"; sourceTree = "<group>"; };
		CCC4B8862A06A49F008BFF81 /* Injection+CoreDataClass.swift */ = {isa = PBXFileReference; lastKnownFileType = sourcecode.swift; path = "Injection+CoreDataClass.swift"; sourceTree = "<group>"; };
		CCC4B8872A06A49F008BFF81 /* Injection+CoreDataProperties.swift */ = {isa = PBXFileReference; lastKnownFileType = sourcecode.swift; path = "Injection+CoreDataProperties.swift"; sourceTree = "<group>"; };
		CCC4B8882A06A49F008BFF81 /* Site+CoreDataClass.swift */ = {isa = PBXFileReference; lastKnownFileType = sourcecode.swift; path = "Site+CoreDataClass.swift"; sourceTree = "<group>"; };
		CCC4B8892A06A49F008BFF81 /* Site+CoreDataProperties.swift */ = {isa = PBXFileReference; lastKnownFileType = sourcecode.swift; path = "Site+CoreDataProperties.swift"; sourceTree = "<group>"; };
		CCC4B8922A098D4D008BFF81 /* EditInjectionCoordinator.swift */ = {isa = PBXFileReference; lastKnownFileType = sourcecode.swift; path = EditInjectionCoordinator.swift; sourceTree = "<group>"; };
		CCC4B8942A0A825E008BFF81 /* EditInjectionTableViewController.swift */ = {isa = PBXFileReference; lastKnownFileType = sourcecode.swift; path = EditInjectionTableViewController.swift; sourceTree = "<group>"; };
		CCC4B89A2A0DA147008BFF81 /* TextInputTableViewCell.swift */ = {isa = PBXFileReference; lastKnownFileType = sourcecode.swift; path = TextInputTableViewCell.swift; sourceTree = "<group>"; };
		CCC4B89C2A0EF936008BFF81 /* DosageTableViewCell.swift */ = {isa = PBXFileReference; lastKnownFileType = sourcecode.swift; path = DosageTableViewCell.swift; sourceTree = "<group>"; };
		CCC4B89E2A0FCB17008BFF81 /* DayTableViewCell.swift */ = {isa = PBXFileReference; lastKnownFileType = sourcecode.swift; path = DayTableViewCell.swift; sourceTree = "<group>"; };
		CCE9437D29FEC42C00514710 /* SubQ.entitlements */ = {isa = PBXFileReference; lastKnownFileType = text.plist.entitlements; path = SubQ.entitlements; sourceTree = "<group>"; };
		CCE9437F2A01B23B00514710 /* Coordinator.swift */ = {isa = PBXFileReference; lastKnownFileType = sourcecode.swift; path = Coordinator.swift; sourceTree = "<group>"; };
		CCE943812A01B30B00514710 /* Storyboarded.swift */ = {isa = PBXFileReference; lastKnownFileType = sourcecode.swift; path = Storyboarded.swift; sourceTree = "<group>"; };
		CCE943832A01C87200514710 /* MainCoordinator.swift */ = {isa = PBXFileReference; lastKnownFileType = sourcecode.swift; path = MainCoordinator.swift; sourceTree = "<group>"; };
/* End PBXFileReference section */

/* Begin PBXFrameworksBuildPhase section */
		CC9F516B29FEBD1B00E6FAF6 /* Frameworks */ = {
			isa = PBXFrameworksBuildPhase;
			buildActionMask = 2147483647;
			files = (
				CCC4B8992A0D9FD1008BFF81 /* SnapKit in Frameworks */,
			);
			runOnlyForDeploymentPostprocessing = 0;
		};
/* End PBXFrameworksBuildPhase section */

/* Begin PBXGroup section */
		CC9F516529FEBD1B00E6FAF6 = {
			isa = PBXGroup;
			children = (
				CC9F517029FEBD1B00E6FAF6 /* SubQ */,
				CC9F516F29FEBD1B00E6FAF6 /* Products */,
			);
			sourceTree = "<group>";
		};
		CC9F516F29FEBD1B00E6FAF6 /* Products */ = {
			isa = PBXGroup;
			children = (
				CC9F516E29FEBD1B00E6FAF6 /* SubQ.app */,
			);
			name = Products;
			sourceTree = "<group>";
		};
		CC9F517029FEBD1B00E6FAF6 /* SubQ */ = {
			isa = PBXGroup;
			children = (
				CCC4B8962A0D9446008BFF81 /* Views */,
				CCC4B8832A06A40D008BFF81 /* CoreData */,
				CCC4B8622A0412E1008BFF81 /* Coordinators */,
				CCC4B8612A0403FF008BFF81 /* ViewControllers */,
				CCE9437D29FEC42C00514710 /* SubQ.entitlements */,
				CC9F517129FEBD1B00E6FAF6 /* AppDelegate.swift */,
				CC9F517329FEBD1B00E6FAF6 /* SceneDelegate.swift */,
				CC9F517729FEBD1B00E6FAF6 /* Main.storyboard */,
				CC9F517D29FEBD1E00E6FAF6 /* Assets.xcassets */,
				CC9F517F29FEBD1E00E6FAF6 /* LaunchScreen.storyboard */,
				CC9F518229FEBD1E00E6FAF6 /* Info.plist */,
				CC9F517A29FEBD1B00E6FAF6 /* SubQ.xcdatamodeld */,
				CCE9437F2A01B23B00514710 /* Coordinator.swift */,
				CCE943812A01B30B00514710 /* Storyboarded.swift */,
			);
			path = SubQ;
			sourceTree = "<group>";
		};
		CCC4B8612A0403FF008BFF81 /* ViewControllers */ = {
			isa = PBXGroup;
			children = (
				CCC4B85F2A0337BC008BFF81 /* MainTabBarController.swift */,
				CCC4B8942A0A825E008BFF81 /* EditInjectionTableViewController.swift */,
				CCC4B86B2A0453B3008BFF81 /* InjectionCollectionViewController.swift */,
				CCC4B86F2A045901008BFF81 /* InjectionSiteViewController.swift */,
				CCC4B8712A04591B008BFF81 /* InjectionHistoryViewController.swift */,
				CCC4B8732A04592F008BFF81 /* SettingsViewController.swift */,
			);
			path = ViewControllers;
			sourceTree = "<group>";
		};
		CCC4B8622A0412E1008BFF81 /* Coordinators */ = {
			isa = PBXGroup;
			children = (
				CCE943832A01C87200514710 /* MainCoordinator.swift */,
				CCC4B8922A098D4D008BFF81 /* EditInjectionCoordinator.swift */,
				CCC4B8632A0413C0008BFF81 /* InjectionTableCoordinator.swift */,
				CCC4B8652A044738008BFF81 /* InjectionSiteCoordinator.swift */,
				CCC4B8672A0447C9008BFF81 /* InjectionHistoryCoordinator.swift */,
				CCC4B8692A0447E0008BFF81 /* SettingsCoordinator.swift */,
			);
			path = Coordinators;
			sourceTree = "<group>";
		};
		CCC4B8832A06A40D008BFF81 /* CoreData */ = {
			isa = PBXGroup;
			children = (
				CCC4B8852A06A49F008BFF81 /* History+CoreDataProperties.swift */,
				CCC4B8842A06A49F008BFF81 /* History+CoreDataClass.swift */,
				CCC4B8872A06A49F008BFF81 /* Injection+CoreDataProperties.swift */,
				CCC4B8862A06A49F008BFF81 /* Injection+CoreDataClass.swift */,
				CCC4B8882A06A49F008BFF81 /* Site+CoreDataClass.swift */,
				CCC4B8892A06A49F008BFF81 /* Site+CoreDataProperties.swift */,
			);
			path = CoreData;
			sourceTree = "<group>";
		};
		CCC4B8962A0D9446008BFF81 /* Views */ = {
			isa = PBXGroup;
			children = (
				CCC4B89A2A0DA147008BFF81 /* TextInputTableViewCell.swift */,
				CCC4B89C2A0EF936008BFF81 /* DosageTableViewCell.swift */,
				CCC4B89E2A0FCB17008BFF81 /* DayTableViewCell.swift */,
			);
			path = Views;
			sourceTree = "<group>";
		};
/* End PBXGroup section */

/* Begin PBXNativeTarget section */
		CC9F516D29FEBD1B00E6FAF6 /* SubQ */ = {
			isa = PBXNativeTarget;
			buildConfigurationList = CC9F518529FEBD1E00E6FAF6 /* Build configuration list for PBXNativeTarget "SubQ" */;
			buildPhases = (
				CC9F516A29FEBD1B00E6FAF6 /* Sources */,
				CC9F516B29FEBD1B00E6FAF6 /* Frameworks */,
				CC9F516C29FEBD1B00E6FAF6 /* Resources */,
			);
			buildRules = (
			);
			dependencies = (
			);
			name = SubQ;
			packageProductDependencies = (
				CCC4B8982A0D9FD1008BFF81 /* SnapKit */,
			);
			productName = SubQ;
			productReference = CC9F516E29FEBD1B00E6FAF6 /* SubQ.app */;
			productType = "com.apple.product-type.application";
		};
/* End PBXNativeTarget section */

/* Begin PBXProject section */
		CC9F516629FEBD1B00E6FAF6 /* Project object */ = {
			isa = PBXProject;
			attributes = {
				BuildIndependentTargetsInParallel = 1;
				LastSwiftUpdateCheck = 1420;
				LastUpgradeCheck = 1420;
				TargetAttributes = {
					CC9F516D29FEBD1B00E6FAF6 = {
						CreatedOnToolsVersion = 14.2;
					};
				};
			};
			buildConfigurationList = CC9F516929FEBD1B00E6FAF6 /* Build configuration list for PBXProject "SubQ" */;
			compatibilityVersion = "Xcode 14.0";
			developmentRegion = en;
			hasScannedForEncodings = 0;
			knownRegions = (
				en,
				Base,
			);
			mainGroup = CC9F516529FEBD1B00E6FAF6;
			packageReferences = (
				CCC4B8972A0D9FD1008BFF81 /* XCRemoteSwiftPackageReference "SnapKit" */,
			);
			productRefGroup = CC9F516F29FEBD1B00E6FAF6 /* Products */;
			projectDirPath = "";
			projectRoot = "";
			targets = (
				CC9F516D29FEBD1B00E6FAF6 /* SubQ */,
			);
		};
/* End PBXProject section */

/* Begin PBXResourcesBuildPhase section */
		CC9F516C29FEBD1B00E6FAF6 /* Resources */ = {
			isa = PBXResourcesBuildPhase;
			buildActionMask = 2147483647;
			files = (
				CC9F518129FEBD1E00E6FAF6 /* LaunchScreen.storyboard in Resources */,
				CC9F517E29FEBD1E00E6FAF6 /* Assets.xcassets in Resources */,
				CC9F517929FEBD1B00E6FAF6 /* Main.storyboard in Resources */,
			);
			runOnlyForDeploymentPostprocessing = 0;
		};
/* End PBXResourcesBuildPhase section */

/* Begin PBXSourcesBuildPhase section */
		CC9F516A29FEBD1B00E6FAF6 /* Sources */ = {
			isa = PBXSourcesBuildPhase;
			buildActionMask = 2147483647;
			files = (
				CCC4B88F2A06A49F008BFF81 /* Site+CoreDataProperties.swift in Sources */,
				CCC4B8952A0A825E008BFF81 /* EditInjectionTableViewController.swift in Sources */,
				CCC4B86C2A0453B3008BFF81 /* InjectionCollectionViewController.swift in Sources */,
				CC9F517C29FEBD1B00E6FAF6 /* SubQ.xcdatamodeld in Sources */,
				CCC4B8642A0413C0008BFF81 /* InjectionTableCoordinator.swift in Sources */,
				CCE943842A01C87200514710 /* MainCoordinator.swift in Sources */,
				CCC4B8682A0447C9008BFF81 /* InjectionHistoryCoordinator.swift in Sources */,
				CCC4B89B2A0DA147008BFF81 /* TextInputTableViewCell.swift in Sources */,
				CCC4B8722A04591B008BFF81 /* InjectionHistoryViewController.swift in Sources */,
				CCC4B8602A0337BC008BFF81 /* MainTabBarController.swift in Sources */,
				CCC4B88C2A06A49F008BFF81 /* Injection+CoreDataClass.swift in Sources */,
				CCC4B88E2A06A49F008BFF81 /* Site+CoreDataClass.swift in Sources */,
				CCE943802A01B23B00514710 /* Coordinator.swift in Sources */,
				CCC4B8932A098D4D008BFF81 /* EditInjectionCoordinator.swift in Sources */,
				CCC4B8742A04592F008BFF81 /* SettingsViewController.swift in Sources */,
				CC9F517229FEBD1B00E6FAF6 /* AppDelegate.swift in Sources */,
				CCC4B8662A044738008BFF81 /* InjectionSiteCoordinator.swift in Sources */,
				CCC4B8702A045901008BFF81 /* InjectionSiteViewController.swift in Sources */,
				CCC4B88A2A06A49F008BFF81 /* History+CoreDataClass.swift in Sources */,
				CCC4B88D2A06A49F008BFF81 /* Injection+CoreDataProperties.swift in Sources */,
				CCC4B88B2A06A49F008BFF81 /* History+CoreDataProperties.swift in Sources */,
				CCC4B86A2A0447E0008BFF81 /* SettingsCoordinator.swift in Sources */,
				CCC4B89F2A0FCB17008BFF81 /* DayTableViewCell.swift in Sources */,
				CCC4B89D2A0EF936008BFF81 /* DosageTableViewCell.swift in Sources */,
				CC9F517429FEBD1B00E6FAF6 /* SceneDelegate.swift in Sources */,
				CCE943822A01B30B00514710 /* Storyboarded.swift in Sources */,
			);
			runOnlyForDeploymentPostprocessing = 0;
		};
/* End PBXSourcesBuildPhase section */

/* Begin PBXVariantGroup section */
		CC9F517729FEBD1B00E6FAF6 /* Main.storyboard */ = {
			isa = PBXVariantGroup;
			children = (
				CC9F517829FEBD1B00E6FAF6 /* Base */,
			);
			name = Main.storyboard;
			sourceTree = "<group>";
		};
		CC9F517F29FEBD1E00E6FAF6 /* LaunchScreen.storyboard */ = {
			isa = PBXVariantGroup;
			children = (
				CC9F518029FEBD1E00E6FAF6 /* Base */,
			);
			name = LaunchScreen.storyboard;
			sourceTree = "<group>";
		};
/* End PBXVariantGroup section */

/* Begin XCBuildConfiguration section */
		CC9F518329FEBD1E00E6FAF6 /* Debug */ = {
			isa = XCBuildConfiguration;
			buildSettings = {
				ALWAYS_SEARCH_USER_PATHS = NO;
				CLANG_ANALYZER_NONNULL = YES;
				CLANG_ANALYZER_NUMBER_OBJECT_CONVERSION = YES_AGGRESSIVE;
				CLANG_CXX_LANGUAGE_STANDARD = "gnu++20";
				CLANG_ENABLE_MODULES = YES;
				CLANG_ENABLE_OBJC_ARC = YES;
				CLANG_ENABLE_OBJC_WEAK = YES;
				CLANG_WARN_BLOCK_CAPTURE_AUTORELEASING = YES;
				CLANG_WARN_BOOL_CONVERSION = YES;
				CLANG_WARN_COMMA = YES;
				CLANG_WARN_CONSTANT_CONVERSION = YES;
				CLANG_WARN_DEPRECATED_OBJC_IMPLEMENTATIONS = YES;
				CLANG_WARN_DIRECT_OBJC_ISA_USAGE = YES_ERROR;
				CLANG_WARN_DOCUMENTATION_COMMENTS = YES;
				CLANG_WARN_EMPTY_BODY = YES;
				CLANG_WARN_ENUM_CONVERSION = YES;
				CLANG_WARN_INFINITE_RECURSION = YES;
				CLANG_WARN_INT_CONVERSION = YES;
				CLANG_WARN_NON_LITERAL_NULL_CONVERSION = YES;
				CLANG_WARN_OBJC_IMPLICIT_RETAIN_SELF = YES;
				CLANG_WARN_OBJC_LITERAL_CONVERSION = YES;
				CLANG_WARN_OBJC_ROOT_CLASS = YES_ERROR;
				CLANG_WARN_QUOTED_INCLUDE_IN_FRAMEWORK_HEADER = YES;
				CLANG_WARN_RANGE_LOOP_ANALYSIS = YES;
				CLANG_WARN_STRICT_PROTOTYPES = YES;
				CLANG_WARN_SUSPICIOUS_MOVE = YES;
				CLANG_WARN_UNGUARDED_AVAILABILITY = YES_AGGRESSIVE;
				CLANG_WARN_UNREACHABLE_CODE = YES;
				CLANG_WARN__DUPLICATE_METHOD_MATCH = YES;
				COPY_PHASE_STRIP = NO;
				DEBUG_INFORMATION_FORMAT = dwarf;
				ENABLE_STRICT_OBJC_MSGSEND = YES;
				ENABLE_TESTABILITY = YES;
				GCC_C_LANGUAGE_STANDARD = gnu11;
				GCC_DYNAMIC_NO_PIC = NO;
				GCC_NO_COMMON_BLOCKS = YES;
				GCC_OPTIMIZATION_LEVEL = 0;
				GCC_PREPROCESSOR_DEFINITIONS = (
					"DEBUG=1",
					"$(inherited)",
				);
				GCC_WARN_64_TO_32_BIT_CONVERSION = YES;
				GCC_WARN_ABOUT_RETURN_TYPE = YES_ERROR;
				GCC_WARN_UNDECLARED_SELECTOR = YES;
				GCC_WARN_UNINITIALIZED_AUTOS = YES_AGGRESSIVE;
				GCC_WARN_UNUSED_FUNCTION = YES;
				GCC_WARN_UNUSED_VARIABLE = YES;
				IPHONEOS_DEPLOYMENT_TARGET = 16.2;
				MTL_ENABLE_DEBUG_INFO = INCLUDE_SOURCE;
				MTL_FAST_MATH = YES;
				ONLY_ACTIVE_ARCH = YES;
				SDKROOT = iphoneos;
				SWIFT_ACTIVE_COMPILATION_CONDITIONS = DEBUG;
				SWIFT_OPTIMIZATION_LEVEL = "-Onone";
			};
			name = Debug;
		};
		CC9F518429FEBD1E00E6FAF6 /* Release */ = {
			isa = XCBuildConfiguration;
			buildSettings = {
				ALWAYS_SEARCH_USER_PATHS = NO;
				CLANG_ANALYZER_NONNULL = YES;
				CLANG_ANALYZER_NUMBER_OBJECT_CONVERSION = YES_AGGRESSIVE;
				CLANG_CXX_LANGUAGE_STANDARD = "gnu++20";
				CLANG_ENABLE_MODULES = YES;
				CLANG_ENABLE_OBJC_ARC = YES;
				CLANG_ENABLE_OBJC_WEAK = YES;
				CLANG_WARN_BLOCK_CAPTURE_AUTORELEASING = YES;
				CLANG_WARN_BOOL_CONVERSION = YES;
				CLANG_WARN_COMMA = YES;
				CLANG_WARN_CONSTANT_CONVERSION = YES;
				CLANG_WARN_DEPRECATED_OBJC_IMPLEMENTATIONS = YES;
				CLANG_WARN_DIRECT_OBJC_ISA_USAGE = YES_ERROR;
				CLANG_WARN_DOCUMENTATION_COMMENTS = YES;
				CLANG_WARN_EMPTY_BODY = YES;
				CLANG_WARN_ENUM_CONVERSION = YES;
				CLANG_WARN_INFINITE_RECURSION = YES;
				CLANG_WARN_INT_CONVERSION = YES;
				CLANG_WARN_NON_LITERAL_NULL_CONVERSION = YES;
				CLANG_WARN_OBJC_IMPLICIT_RETAIN_SELF = YES;
				CLANG_WARN_OBJC_LITERAL_CONVERSION = YES;
				CLANG_WARN_OBJC_ROOT_CLASS = YES_ERROR;
				CLANG_WARN_QUOTED_INCLUDE_IN_FRAMEWORK_HEADER = YES;
				CLANG_WARN_RANGE_LOOP_ANALYSIS = YES;
				CLANG_WARN_STRICT_PROTOTYPES = YES;
				CLANG_WARN_SUSPICIOUS_MOVE = YES;
				CLANG_WARN_UNGUARDED_AVAILABILITY = YES_AGGRESSIVE;
				CLANG_WARN_UNREACHABLE_CODE = YES;
				CLANG_WARN__DUPLICATE_METHOD_MATCH = YES;
				COPY_PHASE_STRIP = NO;
				DEBUG_INFORMATION_FORMAT = "dwarf-with-dsym";
				ENABLE_NS_ASSERTIONS = NO;
				ENABLE_STRICT_OBJC_MSGSEND = YES;
				GCC_C_LANGUAGE_STANDARD = gnu11;
				GCC_NO_COMMON_BLOCKS = YES;
				GCC_WARN_64_TO_32_BIT_CONVERSION = YES;
				GCC_WARN_ABOUT_RETURN_TYPE = YES_ERROR;
				GCC_WARN_UNDECLARED_SELECTOR = YES;
				GCC_WARN_UNINITIALIZED_AUTOS = YES_AGGRESSIVE;
				GCC_WARN_UNUSED_FUNCTION = YES;
				GCC_WARN_UNUSED_VARIABLE = YES;
				IPHONEOS_DEPLOYMENT_TARGET = 16.2;
				MTL_ENABLE_DEBUG_INFO = NO;
				MTL_FAST_MATH = YES;
				SDKROOT = iphoneos;
				SWIFT_COMPILATION_MODE = wholemodule;
				SWIFT_OPTIMIZATION_LEVEL = "-O";
				VALIDATE_PRODUCT = YES;
			};
			name = Release;
		};
		CC9F518629FEBD1E00E6FAF6 /* Debug */ = {
			isa = XCBuildConfiguration;
			buildSettings = {
				ASSETCATALOG_COMPILER_APPICON_NAME = AppIcon;
				ASSETCATALOG_COMPILER_GLOBAL_ACCENT_COLOR_NAME = AccentColor;
				CODE_SIGN_ENTITLEMENTS = SubQ/SubQ.entitlements;
				CODE_SIGN_STYLE = Automatic;
				CURRENT_PROJECT_VERSION = 1;
				DEVELOPMENT_TEAM = KWJT7DFNU6;
				GENERATE_INFOPLIST_FILE = YES;
				INFOPLIST_FILE = SubQ/Info.plist;
				INFOPLIST_KEY_UIApplicationSupportsIndirectInputEvents = YES;
				INFOPLIST_KEY_UILaunchStoryboardName = LaunchScreen;
				INFOPLIST_KEY_UISupportedInterfaceOrientations_iPad = "UIInterfaceOrientationPortrait UIInterfaceOrientationPortraitUpsideDown UIInterfaceOrientationLandscapeLeft UIInterfaceOrientationLandscapeRight";
				INFOPLIST_KEY_UISupportedInterfaceOrientations_iPhone = "UIInterfaceOrientationPortrait UIInterfaceOrientationLandscapeLeft UIInterfaceOrientationLandscapeRight";
				LD_RUNPATH_SEARCH_PATHS = (
					"$(inherited)",
					"@executable_path/Frameworks",
				);
				MARKETING_VERSION = 1.0;
				PRODUCT_BUNDLE_IDENTIFIER = GusThal.SubQ;
				PRODUCT_NAME = "$(TARGET_NAME)";
				SWIFT_EMIT_LOC_STRINGS = YES;
				SWIFT_VERSION = 5.0;
				TARGETED_DEVICE_FAMILY = "1,2";
			};
			name = Debug;
		};
		CC9F518729FEBD1E00E6FAF6 /* Release */ = {
			isa = XCBuildConfiguration;
			buildSettings = {
				ASSETCATALOG_COMPILER_APPICON_NAME = AppIcon;
				ASSETCATALOG_COMPILER_GLOBAL_ACCENT_COLOR_NAME = AccentColor;
				CODE_SIGN_ENTITLEMENTS = SubQ/SubQ.entitlements;
				CODE_SIGN_STYLE = Automatic;
				CURRENT_PROJECT_VERSION = 1;
				DEVELOPMENT_TEAM = KWJT7DFNU6;
				GENERATE_INFOPLIST_FILE = YES;
				INFOPLIST_FILE = SubQ/Info.plist;
				INFOPLIST_KEY_UIApplicationSupportsIndirectInputEvents = YES;
				INFOPLIST_KEY_UILaunchStoryboardName = LaunchScreen;
				INFOPLIST_KEY_UISupportedInterfaceOrientations_iPad = "UIInterfaceOrientationPortrait UIInterfaceOrientationPortraitUpsideDown UIInterfaceOrientationLandscapeLeft UIInterfaceOrientationLandscapeRight";
				INFOPLIST_KEY_UISupportedInterfaceOrientations_iPhone = "UIInterfaceOrientationPortrait UIInterfaceOrientationLandscapeLeft UIInterfaceOrientationLandscapeRight";
				LD_RUNPATH_SEARCH_PATHS = (
					"$(inherited)",
					"@executable_path/Frameworks",
				);
				MARKETING_VERSION = 1.0;
				PRODUCT_BUNDLE_IDENTIFIER = GusThal.SubQ;
				PRODUCT_NAME = "$(TARGET_NAME)";
				SWIFT_EMIT_LOC_STRINGS = YES;
				SWIFT_VERSION = 5.0;
				TARGETED_DEVICE_FAMILY = "1,2";
			};
			name = Release;
		};
/* End XCBuildConfiguration section */

/* Begin XCConfigurationList section */
		CC9F516929FEBD1B00E6FAF6 /* Build configuration list for PBXProject "SubQ" */ = {
			isa = XCConfigurationList;
			buildConfigurations = (
				CC9F518329FEBD1E00E6FAF6 /* Debug */,
				CC9F518429FEBD1E00E6FAF6 /* Release */,
			);
			defaultConfigurationIsVisible = 0;
			defaultConfigurationName = Release;
		};
		CC9F518529FEBD1E00E6FAF6 /* Build configuration list for PBXNativeTarget "SubQ" */ = {
			isa = XCConfigurationList;
			buildConfigurations = (
				CC9F518629FEBD1E00E6FAF6 /* Debug */,
				CC9F518729FEBD1E00E6FAF6 /* Release */,
			);
			defaultConfigurationIsVisible = 0;
			defaultConfigurationName = Release;
		};
/* End XCConfigurationList section */

/* Begin XCRemoteSwiftPackageReference section */
		CCC4B8972A0D9FD1008BFF81 /* XCRemoteSwiftPackageReference "SnapKit" */ = {
			isa = XCRemoteSwiftPackageReference;
			repositoryURL = "https://github.com/SnapKit/SnapKit";
			requirement = {
				kind = upToNextMajorVersion;
				minimumVersion = 5.0.0;
			};
		};
/* End XCRemoteSwiftPackageReference section */

/* Begin XCSwiftPackageProductDependency section */
		CCC4B8982A0D9FD1008BFF81 /* SnapKit */ = {
			isa = XCSwiftPackageProductDependency;
			package = CCC4B8972A0D9FD1008BFF81 /* XCRemoteSwiftPackageReference "SnapKit" */;
			productName = SnapKit;
		};
/* End XCSwiftPackageProductDependency section */

/* Begin XCVersionGroup section */
		CC9F517A29FEBD1B00E6FAF6 /* SubQ.xcdatamodeld */ = {
			isa = XCVersionGroup;
			children = (
				CC9F517B29FEBD1B00E6FAF6 /* SubQ.xcdatamodel */,
			);
			currentVersion = CC9F517B29FEBD1B00E6FAF6 /* SubQ.xcdatamodel */;
			path = SubQ.xcdatamodeld;
			sourceTree = "<group>";
			versionGroupType = wrapper.xcdatamodel;
		};
/* End XCVersionGroup section */
	};
	rootObject = CC9F516629FEBD1B00E6FAF6 /* Project object */;
}
